// !$*UTF8*$!
{
	archiveVersion = 1;
	classes = {
	};
	objectVersion = 46;
	objects = {

/* Begin PBXBuildFile section */
		006D720419952D00008149E2 /* AVFoundation.framework in Frameworks */ = {isa = PBXBuildFile; fileRef = 006D720219952D00008149E2 /* AVFoundation.framework */; };
		006D720519952D00008149E2 /* CoreMedia.framework in Frameworks */ = {isa = PBXBuildFile; fileRef = 006D720319952D00008149E2 /* CoreMedia.framework */; };
		0091D8F90E81B9330029341E /* OpenGL.framework in Frameworks */ = {isa = PBXBuildFile; fileRef = 0091D8F80E81B9330029341E /* OpenGL.framework */; };
		00B784B30FF439BC000DE1D7 /* Accelerate.framework in Frameworks */ = {isa = PBXBuildFile; fileRef = 00B784AF0FF439BC000DE1D7 /* Accelerate.framework */; };
		00B784B40FF439BC000DE1D7 /* AudioToolbox.framework in Frameworks */ = {isa = PBXBuildFile; fileRef = 00B784B00FF439BC000DE1D7 /* AudioToolbox.framework */; };
		00B784B50FF439BC000DE1D7 /* AudioUnit.framework in Frameworks */ = {isa = PBXBuildFile; fileRef = 00B784B10FF439BC000DE1D7 /* AudioUnit.framework */; };
		00B784B60FF439BC000DE1D7 /* CoreAudio.framework in Frameworks */ = {isa = PBXBuildFile; fileRef = 00B784B20FF439BC000DE1D7 /* CoreAudio.framework */; };
		00B9955A1B128DF400A5C623 /* IOKit.framework in Frameworks */ = {isa = PBXBuildFile; fileRef = 00B995581B128DF400A5C623 /* IOKit.framework */; };
		00B9955B1B128DF400A5C623 /* IOSurface.framework in Frameworks */ = {isa = PBXBuildFile; fileRef = 00B995591B128DF400A5C623 /* IOSurface.framework */; };
		5323E6B20EAFCA74003A9687 /* CoreVideo.framework in Frameworks */ = {isa = PBXBuildFile; fileRef = 5323E6B10EAFCA74003A9687 /* CoreVideo.framework */; };
		8D11072F0486CEB800E47090 /* Cocoa.framework in Frameworks */ = {isa = PBXBuildFile; fileRef = 1058C7A1FEA54F0111CA2CBB /* Cocoa.framework */; };
		9E4368011F3FAF3A00B7744C /* Fragment.cpp in Sources */ = {isa = PBXBuildFile; fileRef = 61C6FE4A0EBA44DEAFC8FAC0 /* Fragment.cpp */; };
		9E74FB831C080ACB00C5595D /* Fragment.icns in Resources */ = {isa = PBXBuildFile; fileRef = 9E74FB821C080ACB00C5595D /* Fragment.icns */; };
		9E783E4A1F3FB4AC004F5528 /* Paths.cpp in Sources */ = {isa = PBXBuildFile; fileRef = 9E783E491F3FB476004F5528 /* Paths.cpp */; };
		9E783E5B1F3FB4EA004F5528 /* Tiler.cpp in Sources */ = {isa = PBXBuildFile; fileRef = 9E783E591F3FB4DF004F5528 /* Tiler.cpp */; };
		9E783F7C1F3FB551004F5528 /* BSplineEditor.cpp in Sources */ = {isa = PBXBuildFile; fileRef = 9E783F2F1F3FB521004F5528 /* BSplineEditor.cpp */; };
		9E783F7D1F3FB551004F5528 /* Button.cpp in Sources */ = {isa = PBXBuildFile; fileRef = 9E783F311F3FB521004F5528 /* Button.cpp */; };
		9E783F7E1F3FB551004F5528 /* Canvas.cpp in Sources */ = {isa = PBXBuildFile; fileRef = 9E783F331F3FB521004F5528 /* Canvas.cpp */; };
		9E783F7F1F3FB551004F5528 /* ColorPicker.cpp in Sources */ = {isa = PBXBuildFile; fileRef = 9E783F371F3FB521004F5528 /* ColorPicker.cpp */; };
		9E783F801F3FB551004F5528 /* Colors.cpp in Sources */ = {isa = PBXBuildFile; fileRef = 9E783F391F3FB521004F5528 /* Colors.cpp */; };
		9E783F811F3FB551004F5528 /* Control.cpp in Sources */ = {isa = PBXBuildFile; fileRef = 9E783F3B1F3FB521004F5528 /* Control.cpp */; };
		9E783F821F3FB551004F5528 /* ControlWithLabel.cpp in Sources */ = {isa = PBXBuildFile; fileRef = 9E783F3E1F3FB521004F5528 /* ControlWithLabel.cpp */; };
		9E783F831F3FB551004F5528 /* Dialer.cpp in Sources */ = {isa = PBXBuildFile; fileRef = 9E783F401F3FB521004F5528 /* Dialer.cpp */; };
		9E783F841F3FB551004F5528 /* Envelope.cpp in Sources */ = {isa = PBXBuildFile; fileRef = 9E783F431F3FB521004F5528 /* Envelope.cpp */; };
		9E783F851F3FB551004F5528 /* Fps.cpp in Sources */ = {isa = PBXBuildFile; fileRef = 9E783F461F3FB521004F5528 /* Fps.cpp */; };
		9E783F861F3FB551004F5528 /* Globals.cpp in Sources */ = {isa = PBXBuildFile; fileRef = 9E783F481F3FB521004F5528 /* Globals.cpp */; };
		9E783F871F3FB551004F5528 /* Graph.cpp in Sources */ = {isa = PBXBuildFile; fileRef = 9E783F4A1F3FB521004F5528 /* Graph.cpp */; };
		9E783F881F3FB551004F5528 /* Label.cpp in Sources */ = {isa = PBXBuildFile; fileRef = 9E783F4D1F3FB521004F5528 /* Label.cpp */; };
		9E783F891F3FB551004F5528 /* MultiSlider.cpp in Sources */ = {isa = PBXBuildFile; fileRef = 9E783F4F1F3FB521004F5528 /* MultiSlider.cpp */; };
		9E783F8A1F3FB551004F5528 /* Plotter.cpp in Sources */ = {isa = PBXBuildFile; fileRef = 9E783F521F3FB521004F5528 /* Plotter.cpp */; };
		9E783F8B1F3FB551004F5528 /* QuaternionOrderer.cpp in Sources */ = {isa = PBXBuildFile; fileRef = 9E783F541F3FB521004F5528 /* QuaternionOrderer.cpp */; };
		9E783F8C1F3FB551004F5528 /* Radio.cpp in Sources */ = {isa = PBXBuildFile; fileRef = 9E783F561F3FB521004F5528 /* Radio.cpp */; };
		9E783F8D1F3FB551004F5528 /* Range.cpp in Sources */ = {isa = PBXBuildFile; fileRef = 9E783F581F3FB521004F5528 /* Range.cpp */; };
		9E783F8E1F3FB551004F5528 /* Responder.cpp in Sources */ = {isa = PBXBuildFile; fileRef = 9E783F5B1F3FB521004F5528 /* Responder.cpp */; };
		9E783F8F1F3FB551004F5528 /* Slider.cpp in Sources */ = {isa = PBXBuildFile; fileRef = 9E783F5D1F3FB521004F5528 /* Slider.cpp */; };
		9E783F901F3FB551004F5528 /* Spacer.cpp in Sources */ = {isa = PBXBuildFile; fileRef = 9E783F5F1F3FB521004F5528 /* Spacer.cpp */; };
		9E783F911F3FB551004F5528 /* Spectrum.cpp in Sources */ = {isa = PBXBuildFile; fileRef = 9E783F611F3FB521004F5528 /* Spectrum.cpp */; };
		9E783F921F3FB551004F5528 /* SuperCanvas.cpp in Sources */ = {isa = PBXBuildFile; fileRef = 9E783F641F3FB521004F5528 /* SuperCanvas.cpp */; };
		9E783F931F3FB551004F5528 /* TextInput.cpp in Sources */ = {isa = PBXBuildFile; fileRef = 9E783F661F3FB521004F5528 /* TextInput.cpp */; };
		9E783F941F3FB551004F5528 /* TextureView.cpp in Sources */ = {isa = PBXBuildFile; fileRef = 9E783F681F3FB521004F5528 /* TextureView.cpp */; };
		9E783F951F3FB551004F5528 /* Toggle.cpp in Sources */ = {isa = PBXBuildFile; fileRef = 9E783F6A1F3FB521004F5528 /* Toggle.cpp */; };
		9E783F961F3FB551004F5528 /* View.cpp in Sources */ = {isa = PBXBuildFile; fileRef = 9E783F6E1F3FB521004F5528 /* View.cpp */; };
		9E783F971F3FB551004F5528 /* Waveform.cpp in Sources */ = {isa = PBXBuildFile; fileRef = 9E783F701F3FB521004F5528 /* Waveform.cpp */; };
		9E783F981F3FB551004F5528 /* WindowCanvas.cpp in Sources */ = {isa = PBXBuildFile; fileRef = 9E783F721F3FB521004F5528 /* WindowCanvas.cpp */; };
		9E783F991F3FB551004F5528 /* XYPad.cpp in Sources */ = {isa = PBXBuildFile; fileRef = 9E783F741F3FB521004F5528 /* XYPad.cpp */; };
		9E783FA61F3FB577004F5528 /* GlslParams.cpp in Sources */ = {isa = PBXBuildFile; fileRef = 9E783FA41F3FB56D004F5528 /* GlslParams.cpp */; };
		9E783FAE1F3FB68F004F5528 /* LiveCode.cpp in Sources */ = {isa = PBXBuildFile; fileRef = 9E783FAD1F3FB687004F5528 /* LiveCode.cpp */; };
		9E783FAF1F3FB959004F5528 /* AppUI.cpp in Sources */ = {isa = PBXBuildFile; fileRef = 9E783E511F3FB4C0004F5528 /* AppUI.cpp */; };
		9E783FB61F3FC3E8004F5528 /* Assets in Resources */ = {isa = PBXBuildFile; fileRef = 9E783FB21F3FC0A8004F5528 /* Assets */; };
		9E783FB71F3FC3E8004F5528 /* Default in Resources */ = {isa = PBXBuildFile; fileRef = 9E783FB41F3FC0A8004F5528 /* Default */; };
		9E783FB81F3FC3E8004F5528 /* Examples in Resources */ = {isa = PBXBuildFile; fileRef = 9E783FB31F3FC0A8004F5528 /* Examples */; };
		9E783FB91F3FC3E8004F5528 /* Tutorials in Resources */ = {isa = PBXBuildFile; fileRef = 9E783FB51F3FC0A8004F5528 /* Tutorials */; };
		9E783FBA1F3FC3E8004F5528 /* Working in Resources */ = {isa = PBXBuildFile; fileRef = 9E783FB11F3FC0A8004F5528 /* Working */; };
		9E783FC21F3FD41F004F5528 /* ImageSaver.cpp in Sources */ = {isa = PBXBuildFile; fileRef = 9E783FC11F3FD40D004F5528 /* ImageSaver.cpp */; };
		9E783FCA1F3FD430004F5528 /* SequenceSaver.cpp in Sources */ = {isa = PBXBuildFile; fileRef = 9E783FC91F3FD429004F5528 /* SequenceSaver.cpp */; };
		9E783FD21F3FD444004F5528 /* MovieSaver.cpp in Sources */ = {isa = PBXBuildFile; fileRef = 9E783FD11F3FD43B004F5528 /* MovieSaver.cpp */; };
		9E7840C81F3FE530004F5528 /* Osc.cpp in Sources */ = {isa = PBXBuildFile; fileRef = 9E7840891F3FE3F9004F5528 /* Osc.cpp */; };
		9EE037121F417BF00063910E /* EasyCamera.cpp in Sources */ = {isa = PBXBuildFile; fileRef = 9EE037111F417BDF0063910E /* EasyCamera.cpp */; };
		9EE0371A1F417CD50063910E /* SaveLoadCamera.cpp in Sources */ = {isa = PBXBuildFile; fileRef = 9EE037191F417CC50063910E /* SaveLoadCamera.cpp */; };
/* End PBXBuildFile section */

/* Begin PBXFileReference section */
		006D720219952D00008149E2 /* AVFoundation.framework */ = {isa = PBXFileReference; lastKnownFileType = wrapper.framework; name = AVFoundation.framework; path = System/Library/Frameworks/AVFoundation.framework; sourceTree = SDKROOT; };
		006D720319952D00008149E2 /* CoreMedia.framework */ = {isa = PBXFileReference; lastKnownFileType = wrapper.framework; name = CoreMedia.framework; path = System/Library/Frameworks/CoreMedia.framework; sourceTree = SDKROOT; };
		0091D8F80E81B9330029341E /* OpenGL.framework */ = {isa = PBXFileReference; lastKnownFileType = wrapper.framework; name = OpenGL.framework; path = /System/Library/Frameworks/OpenGL.framework; sourceTree = "<absolute>"; };
		00B784AF0FF439BC000DE1D7 /* Accelerate.framework */ = {isa = PBXFileReference; lastKnownFileType = wrapper.framework; name = Accelerate.framework; path = System/Library/Frameworks/Accelerate.framework; sourceTree = SDKROOT; };
		00B784B00FF439BC000DE1D7 /* AudioToolbox.framework */ = {isa = PBXFileReference; lastKnownFileType = wrapper.framework; name = AudioToolbox.framework; path = System/Library/Frameworks/AudioToolbox.framework; sourceTree = SDKROOT; };
		00B784B10FF439BC000DE1D7 /* AudioUnit.framework */ = {isa = PBXFileReference; lastKnownFileType = wrapper.framework; name = AudioUnit.framework; path = System/Library/Frameworks/AudioUnit.framework; sourceTree = SDKROOT; };
		00B784B20FF439BC000DE1D7 /* CoreAudio.framework */ = {isa = PBXFileReference; lastKnownFileType = wrapper.framework; name = CoreAudio.framework; path = System/Library/Frameworks/CoreAudio.framework; sourceTree = SDKROOT; };
		00B995581B128DF400A5C623 /* IOKit.framework */ = {isa = PBXFileReference; lastKnownFileType = wrapper.framework; name = IOKit.framework; path = System/Library/Frameworks/IOKit.framework; sourceTree = SDKROOT; };
		00B995591B128DF400A5C623 /* IOSurface.framework */ = {isa = PBXFileReference; lastKnownFileType = wrapper.framework; name = IOSurface.framework; path = System/Library/Frameworks/IOSurface.framework; sourceTree = SDKROOT; };
		1058C7A1FEA54F0111CA2CBB /* Cocoa.framework */ = {isa = PBXFileReference; lastKnownFileType = wrapper.framework; name = Cocoa.framework; path = /System/Library/Frameworks/Cocoa.framework; sourceTree = "<absolute>"; };
		29B97324FDCFA39411CA2CEA /* AppKit.framework */ = {isa = PBXFileReference; lastKnownFileType = wrapper.framework; name = AppKit.framework; path = /System/Library/Frameworks/AppKit.framework; sourceTree = "<absolute>"; };
		29B97325FDCFA39411CA2CEA /* Foundation.framework */ = {isa = PBXFileReference; lastKnownFileType = wrapper.framework; name = Foundation.framework; path = /System/Library/Frameworks/Foundation.framework; sourceTree = "<absolute>"; };
		5323E6B10EAFCA74003A9687 /* CoreVideo.framework */ = {isa = PBXFileReference; lastKnownFileType = wrapper.framework; name = CoreVideo.framework; path = /System/Library/Frameworks/CoreVideo.framework; sourceTree = "<absolute>"; };
		5D92CD5CFE5447B09A864E84 /* Fragment_Prefix.pch */ = {isa = PBXFileReference; lastKnownFileType = sourcecode.c.h; path = Fragment_Prefix.pch; sourceTree = "<group>"; };
		61C6FE4A0EBA44DEAFC8FAC0 /* Fragment.cpp */ = {isa = PBXFileReference; lastKnownFileType = sourcecode.cpp.cpp; name = Fragment.cpp; path = ../src/Fragment.cpp; sourceTree = "<group>"; };
		8835D0D823174F758A171200 /* Resources.h */ = {isa = PBXFileReference; lastKnownFileType = sourcecode.c.h; name = Resources.h; path = ../include/Resources.h; sourceTree = "<group>"; };
		8D1107320486CEB800E47090 /* Fragment.app */ = {isa = PBXFileReference; explicitFileType = wrapper.application; includeInIndex = 0; path = Fragment.app; sourceTree = BUILT_PRODUCTS_DIR; };
		9E74FB821C080ACB00C5595D /* Fragment.icns */ = {isa = PBXFileReference; lastKnownFileType = image.icns; name = Fragment.icns; path = ../resources/Fragment.icns; sourceTree = "<group>"; };
		9E783E461F3FB476004F5528 /* Paths.h */ = {isa = PBXFileReference; lastKnownFileType = sourcecode.c.h; path = Paths.h; sourceTree = "<group>"; };
		9E783E491F3FB476004F5528 /* Paths.cpp */ = {isa = PBXFileReference; lastKnownFileType = sourcecode.cpp.cpp; path = Paths.cpp; sourceTree = "<group>"; };
		9E783E4E1F3FB4C0004F5528 /* AppUI.h */ = {isa = PBXFileReference; lastKnownFileType = sourcecode.c.h; path = AppUI.h; sourceTree = "<group>"; };
		9E783E511F3FB4C0004F5528 /* AppUI.cpp */ = {isa = PBXFileReference; lastKnownFileType = sourcecode.cpp.cpp; path = AppUI.cpp; sourceTree = "<group>"; };
		9E783E591F3FB4DF004F5528 /* Tiler.cpp */ = {isa = PBXFileReference; lastKnownFileType = sourcecode.cpp.cpp; path = Tiler.cpp; sourceTree = "<group>"; };
		9E783E5A1F3FB4DF004F5528 /* Tiler.h */ = {isa = PBXFileReference; lastKnownFileType = sourcecode.c.h; path = Tiler.h; sourceTree = "<group>"; };
		9E783F2E1F3FB521004F5528 /* Alignments.h */ = {isa = PBXFileReference; lastKnownFileType = sourcecode.c.h; path = Alignments.h; sourceTree = "<group>"; };
		9E783F2F1F3FB521004F5528 /* BSplineEditor.cpp */ = {isa = PBXFileReference; lastKnownFileType = sourcecode.cpp.cpp; path = BSplineEditor.cpp; sourceTree = "<group>"; };
		9E783F301F3FB521004F5528 /* BSplineEditor.h */ = {isa = PBXFileReference; lastKnownFileType = sourcecode.c.h; path = BSplineEditor.h; sourceTree = "<group>"; };
		9E783F311F3FB521004F5528 /* Button.cpp */ = {isa = PBXFileReference; lastKnownFileType = sourcecode.cpp.cpp; path = Button.cpp; sourceTree = "<group>"; };
		9E783F321F3FB521004F5528 /* Button.h */ = {isa = PBXFileReference; lastKnownFileType = sourcecode.c.h; path = Button.h; sourceTree = "<group>"; };
		9E783F331F3FB521004F5528 /* Canvas.cpp */ = {isa = PBXFileReference; lastKnownFileType = sourcecode.cpp.cpp; path = Canvas.cpp; sourceTree = "<group>"; };
		9E783F341F3FB521004F5528 /* Canvas.h */ = {isa = PBXFileReference; lastKnownFileType = sourcecode.c.h; path = Canvas.h; sourceTree = "<group>"; };
		9E783F351F3FB521004F5528 /* CocoaWindowCanvas.h */ = {isa = PBXFileReference; lastKnownFileType = sourcecode.c.h; path = CocoaWindowCanvas.h; sourceTree = "<group>"; };
		9E783F361F3FB521004F5528 /* CocoaWindowCanvas.mm */ = {isa = PBXFileReference; lastKnownFileType = sourcecode.cpp.objcpp; path = CocoaWindowCanvas.mm; sourceTree = "<group>"; };
		9E783F371F3FB521004F5528 /* ColorPicker.cpp */ = {isa = PBXFileReference; lastKnownFileType = sourcecode.cpp.cpp; path = ColorPicker.cpp; sourceTree = "<group>"; };
		9E783F381F3FB521004F5528 /* ColorPicker.h */ = {isa = PBXFileReference; lastKnownFileType = sourcecode.c.h; path = ColorPicker.h; sourceTree = "<group>"; };
		9E783F391F3FB521004F5528 /* Colors.cpp */ = {isa = PBXFileReference; lastKnownFileType = sourcecode.cpp.cpp; path = Colors.cpp; sourceTree = "<group>"; };
		9E783F3A1F3FB521004F5528 /* Colors.h */ = {isa = PBXFileReference; lastKnownFileType = sourcecode.c.h; path = Colors.h; sourceTree = "<group>"; };
		9E783F3B1F3FB521004F5528 /* Control.cpp */ = {isa = PBXFileReference; lastKnownFileType = sourcecode.cpp.cpp; path = Control.cpp; sourceTree = "<group>"; };
		9E783F3C1F3FB521004F5528 /* Control.h */ = {isa = PBXFileReference; lastKnownFileType = sourcecode.c.h; path = Control.h; sourceTree = "<group>"; };
		9E783F3D1F3FB521004F5528 /* Controls.h */ = {isa = PBXFileReference; lastKnownFileType = sourcecode.c.h; path = Controls.h; sourceTree = "<group>"; };
		9E783F3E1F3FB521004F5528 /* ControlWithLabel.cpp */ = {isa = PBXFileReference; lastKnownFileType = sourcecode.cpp.cpp; path = ControlWithLabel.cpp; sourceTree = "<group>"; };
		9E783F3F1F3FB521004F5528 /* ControlWithLabel.h */ = {isa = PBXFileReference; lastKnownFileType = sourcecode.c.h; path = ControlWithLabel.h; sourceTree = "<group>"; };
		9E783F401F3FB521004F5528 /* Dialer.cpp */ = {isa = PBXFileReference; lastKnownFileType = sourcecode.cpp.cpp; path = Dialer.cpp; sourceTree = "<group>"; };
		9E783F411F3FB521004F5528 /* Dialer.h */ = {isa = PBXFileReference; lastKnownFileType = sourcecode.c.h; path = Dialer.h; sourceTree = "<group>"; };
		9E783F421F3FB521004F5528 /* Directions.h */ = {isa = PBXFileReference; lastKnownFileType = sourcecode.c.h; path = Directions.h; sourceTree = "<group>"; };
		9E783F431F3FB521004F5528 /* Envelope.cpp */ = {isa = PBXFileReference; lastKnownFileType = sourcecode.cpp.cpp; path = Envelope.cpp; sourceTree = "<group>"; };
		9E783F441F3FB521004F5528 /* Envelope.h */ = {isa = PBXFileReference; lastKnownFileType = sourcecode.c.h; path = Envelope.h; sourceTree = "<group>"; };
		9E783F451F3FB521004F5528 /* FontSizes.h */ = {isa = PBXFileReference; lastKnownFileType = sourcecode.c.h; path = FontSizes.h; sourceTree = "<group>"; };
		9E783F461F3FB521004F5528 /* Fps.cpp */ = {isa = PBXFileReference; lastKnownFileType = sourcecode.cpp.cpp; path = Fps.cpp; sourceTree = "<group>"; };
		9E783F471F3FB521004F5528 /* Fps.h */ = {isa = PBXFileReference; lastKnownFileType = sourcecode.c.h; path = Fps.h; sourceTree = "<group>"; };
		9E783F481F3FB521004F5528 /* Globals.cpp */ = {isa = PBXFileReference; lastKnownFileType = sourcecode.cpp.cpp; path = Globals.cpp; sourceTree = "<group>"; };
		9E783F491F3FB521004F5528 /* Globals.h */ = {isa = PBXFileReference; lastKnownFileType = sourcecode.c.h; path = Globals.h; sourceTree = "<group>"; };
		9E783F4A1F3FB521004F5528 /* Graph.cpp */ = {isa = PBXFileReference; lastKnownFileType = sourcecode.cpp.cpp; path = Graph.cpp; sourceTree = "<group>"; };
		9E783F4B1F3FB521004F5528 /* Graph.h */ = {isa = PBXFileReference; lastKnownFileType = sourcecode.c.h; path = Graph.h; sourceTree = "<group>"; };
		9E783F4C1F3FB521004F5528 /* Helpers.h */ = {isa = PBXFileReference; lastKnownFileType = sourcecode.c.h; path = Helpers.h; sourceTree = "<group>"; };
		9E783F4D1F3FB521004F5528 /* Label.cpp */ = {isa = PBXFileReference; lastKnownFileType = sourcecode.cpp.cpp; path = Label.cpp; sourceTree = "<group>"; };
		9E783F4E1F3FB521004F5528 /* Label.h */ = {isa = PBXFileReference; lastKnownFileType = sourcecode.c.h; path = Label.h; sourceTree = "<group>"; };
		9E783F4F1F3FB521004F5528 /* MultiSlider.cpp */ = {isa = PBXFileReference; lastKnownFileType = sourcecode.cpp.cpp; path = MultiSlider.cpp; sourceTree = "<group>"; };
		9E783F501F3FB521004F5528 /* MultiSlider.h */ = {isa = PBXFileReference; lastKnownFileType = sourcecode.c.h; path = MultiSlider.h; sourceTree = "<group>"; };
		9E783F511F3FB521004F5528 /* Padding.h */ = {isa = PBXFileReference; lastKnownFileType = sourcecode.c.h; path = Padding.h; sourceTree = "<group>"; };
		9E783F521F3FB521004F5528 /* Plotter.cpp */ = {isa = PBXFileReference; lastKnownFileType = sourcecode.cpp.cpp; path = Plotter.cpp; sourceTree = "<group>"; };
		9E783F531F3FB521004F5528 /* Plotter.h */ = {isa = PBXFileReference; lastKnownFileType = sourcecode.c.h; path = Plotter.h; sourceTree = "<group>"; };
		9E783F541F3FB521004F5528 /* QuaternionOrderer.cpp */ = {isa = PBXFileReference; lastKnownFileType = sourcecode.cpp.cpp; path = QuaternionOrderer.cpp; sourceTree = "<group>"; };
		9E783F551F3FB521004F5528 /* QuaternionOrderer.h */ = {isa = PBXFileReference; lastKnownFileType = sourcecode.c.h; path = QuaternionOrderer.h; sourceTree = "<group>"; };
		9E783F561F3FB521004F5528 /* Radio.cpp */ = {isa = PBXFileReference; lastKnownFileType = sourcecode.cpp.cpp; path = Radio.cpp; sourceTree = "<group>"; };
		9E783F571F3FB521004F5528 /* Radio.h */ = {isa = PBXFileReference; lastKnownFileType = sourcecode.c.h; path = Radio.h; sourceTree = "<group>"; };
		9E783F581F3FB521004F5528 /* Range.cpp */ = {isa = PBXFileReference; lastKnownFileType = sourcecode.cpp.cpp; path = Range.cpp; sourceTree = "<group>"; };
		9E783F591F3FB521004F5528 /* Range.h */ = {isa = PBXFileReference; lastKnownFileType = sourcecode.c.h; path = Range.h; sourceTree = "<group>"; };
		9E783F5A1F3FB521004F5528 /* RenderData.h */ = {isa = PBXFileReference; lastKnownFileType = sourcecode.c.h; path = RenderData.h; sourceTree = "<group>"; };
		9E783F5B1F3FB521004F5528 /* Responder.cpp */ = {isa = PBXFileReference; lastKnownFileType = sourcecode.cpp.cpp; path = Responder.cpp; sourceTree = "<group>"; };
		9E783F5C1F3FB521004F5528 /* Responder.h */ = {isa = PBXFileReference; lastKnownFileType = sourcecode.c.h; path = Responder.h; sourceTree = "<group>"; };
		9E783F5D1F3FB521004F5528 /* Slider.cpp */ = {isa = PBXFileReference; lastKnownFileType = sourcecode.cpp.cpp; path = Slider.cpp; sourceTree = "<group>"; };
		9E783F5E1F3FB521004F5528 /* Slider.h */ = {isa = PBXFileReference; lastKnownFileType = sourcecode.c.h; path = Slider.h; sourceTree = "<group>"; };
		9E783F5F1F3FB521004F5528 /* Spacer.cpp */ = {isa = PBXFileReference; lastKnownFileType = sourcecode.cpp.cpp; path = Spacer.cpp; sourceTree = "<group>"; };
		9E783F601F3FB521004F5528 /* Spacer.h */ = {isa = PBXFileReference; lastKnownFileType = sourcecode.c.h; path = Spacer.h; sourceTree = "<group>"; };
		9E783F611F3FB521004F5528 /* Spectrum.cpp */ = {isa = PBXFileReference; lastKnownFileType = sourcecode.cpp.cpp; path = Spectrum.cpp; sourceTree = "<group>"; };
		9E783F621F3FB521004F5528 /* Spectrum.h */ = {isa = PBXFileReference; lastKnownFileType = sourcecode.c.h; path = Spectrum.h; sourceTree = "<group>"; };
		9E783F631F3FB521004F5528 /* States.h */ = {isa = PBXFileReference; lastKnownFileType = sourcecode.c.h; path = States.h; sourceTree = "<group>"; };
		9E783F641F3FB521004F5528 /* SuperCanvas.cpp */ = {isa = PBXFileReference; lastKnownFileType = sourcecode.cpp.cpp; path = SuperCanvas.cpp; sourceTree = "<group>"; };
		9E783F651F3FB521004F5528 /* SuperCanvas.h */ = {isa = PBXFileReference; lastKnownFileType = sourcecode.c.h; path = SuperCanvas.h; sourceTree = "<group>"; };
		9E783F661F3FB521004F5528 /* TextInput.cpp */ = {isa = PBXFileReference; lastKnownFileType = sourcecode.cpp.cpp; path = TextInput.cpp; sourceTree = "<group>"; };
		9E783F671F3FB521004F5528 /* TextInput.h */ = {isa = PBXFileReference; lastKnownFileType = sourcecode.c.h; path = TextInput.h; sourceTree = "<group>"; };
		9E783F681F3FB521004F5528 /* TextureView.cpp */ = {isa = PBXFileReference; lastKnownFileType = sourcecode.cpp.cpp; path = TextureView.cpp; sourceTree = "<group>"; };
		9E783F691F3FB521004F5528 /* TextureView.h */ = {isa = PBXFileReference; lastKnownFileType = sourcecode.c.h; path = TextureView.h; sourceTree = "<group>"; };
		9E783F6A1F3FB521004F5528 /* Toggle.cpp */ = {isa = PBXFileReference; lastKnownFileType = sourcecode.cpp.cpp; path = Toggle.cpp; sourceTree = "<group>"; };
		9E783F6B1F3FB521004F5528 /* Toggle.h */ = {isa = PBXFileReference; lastKnownFileType = sourcecode.c.h; path = Toggle.h; sourceTree = "<group>"; };
		9E783F6C1F3FB521004F5528 /* Triggers.h */ = {isa = PBXFileReference; lastKnownFileType = sourcecode.c.h; path = Triggers.h; sourceTree = "<group>"; };
		9E783F6D1F3FB521004F5528 /* UI.h */ = {isa = PBXFileReference; lastKnownFileType = sourcecode.c.h; path = UI.h; sourceTree = "<group>"; };
		9E783F6E1F3FB521004F5528 /* View.cpp */ = {isa = PBXFileReference; lastKnownFileType = sourcecode.cpp.cpp; path = View.cpp; sourceTree = "<group>"; };
		9E783F6F1F3FB521004F5528 /* View.h */ = {isa = PBXFileReference; lastKnownFileType = sourcecode.c.h; path = View.h; sourceTree = "<group>"; };
		9E783F701F3FB521004F5528 /* Waveform.cpp */ = {isa = PBXFileReference; lastKnownFileType = sourcecode.cpp.cpp; path = Waveform.cpp; sourceTree = "<group>"; };
		9E783F711F3FB521004F5528 /* Waveform.h */ = {isa = PBXFileReference; lastKnownFileType = sourcecode.c.h; path = Waveform.h; sourceTree = "<group>"; };
		9E783F721F3FB521004F5528 /* WindowCanvas.cpp */ = {isa = PBXFileReference; lastKnownFileType = sourcecode.cpp.cpp; path = WindowCanvas.cpp; sourceTree = "<group>"; };
		9E783F731F3FB521004F5528 /* WindowCanvas.h */ = {isa = PBXFileReference; lastKnownFileType = sourcecode.c.h; path = WindowCanvas.h; sourceTree = "<group>"; };
		9E783F741F3FB521004F5528 /* XYPad.cpp */ = {isa = PBXFileReference; lastKnownFileType = sourcecode.cpp.cpp; path = XYPad.cpp; sourceTree = "<group>"; };
		9E783F751F3FB521004F5528 /* XYPad.h */ = {isa = PBXFileReference; lastKnownFileType = sourcecode.c.h; path = XYPad.h; sourceTree = "<group>"; };
		9E783FA41F3FB56D004F5528 /* GlslParams.cpp */ = {isa = PBXFileReference; lastKnownFileType = sourcecode.cpp.cpp; path = GlslParams.cpp; sourceTree = "<group>"; };
		9E783FA51F3FB56D004F5528 /* GlslParams.h */ = {isa = PBXFileReference; lastKnownFileType = sourcecode.c.h; path = GlslParams.h; sourceTree = "<group>"; };
		9E783FAA1F3FB687004F5528 /* LiveCode.h */ = {isa = PBXFileReference; lastKnownFileType = sourcecode.c.h; path = LiveCode.h; sourceTree = "<group>"; };
		9E783FAD1F3FB687004F5528 /* LiveCode.cpp */ = {isa = PBXFileReference; lastKnownFileType = sourcecode.cpp.cpp; path = LiveCode.cpp; sourceTree = "<group>"; };
		9E783FB11F3FC0A8004F5528 /* Working */ = {isa = PBXFileReference; lastKnownFileType = folder; name = Working; path = ../resources/Working; sourceTree = "<group>"; };
		9E783FB21F3FC0A8004F5528 /* Assets */ = {isa = PBXFileReference; lastKnownFileType = folder; name = Assets; path = ../resources/Assets; sourceTree = "<group>"; };
		9E783FB31F3FC0A8004F5528 /* Examples */ = {isa = PBXFileReference; lastKnownFileType = folder; name = Examples; path = ../resources/Examples; sourceTree = "<group>"; };
		9E783FB41F3FC0A8004F5528 /* Default */ = {isa = PBXFileReference; lastKnownFileType = folder; name = Default; path = ../resources/Default; sourceTree = "<group>"; };
		9E783FB51F3FC0A8004F5528 /* Tutorials */ = {isa = PBXFileReference; lastKnownFileType = folder; name = Tutorials; path = ../resources/Tutorials; sourceTree = "<group>"; };
		9E783FBE1F3FD40D004F5528 /* ImageSaver.h */ = {isa = PBXFileReference; lastKnownFileType = sourcecode.c.h; path = ImageSaver.h; sourceTree = "<group>"; };
		9E783FC11F3FD40D004F5528 /* ImageSaver.cpp */ = {isa = PBXFileReference; lastKnownFileType = sourcecode.cpp.cpp; path = ImageSaver.cpp; sourceTree = "<group>"; };
		9E783FC61F3FD429004F5528 /* SequenceSaver.h */ = {isa = PBXFileReference; lastKnownFileType = sourcecode.c.h; path = SequenceSaver.h; sourceTree = "<group>"; };
		9E783FC91F3FD429004F5528 /* SequenceSaver.cpp */ = {isa = PBXFileReference; lastKnownFileType = sourcecode.cpp.cpp; path = SequenceSaver.cpp; sourceTree = "<group>"; };
		9E783FCE1F3FD43B004F5528 /* MovieSaver.h */ = {isa = PBXFileReference; lastKnownFileType = sourcecode.c.h; path = MovieSaver.h; sourceTree = "<group>"; };
		9E783FD11F3FD43B004F5528 /* MovieSaver.cpp */ = {isa = PBXFileReference; lastKnownFileType = sourcecode.cpp.cpp; path = MovieSaver.cpp; sourceTree = "<group>"; };
		9E7840891F3FE3F9004F5528 /* Osc.cpp */ = {isa = PBXFileReference; lastKnownFileType = sourcecode.cpp.cpp; path = Osc.cpp; sourceTree = "<group>"; };
		9E78408A1F3FE3F9004F5528 /* Osc.h */ = {isa = PBXFileReference; lastKnownFileType = sourcecode.c.h; path = Osc.h; sourceTree = "<group>"; };
		9E99E2A21F3F9AF900CB95EB /* Fragment.entitlements */ = {isa = PBXFileReference; lastKnownFileType = text.plist.entitlements; path = Fragment.entitlements; sourceTree = "<group>"; };
		9EA0ABCE1F53333400029872 /* settings.json */ = {isa = PBXFileReference; lastKnownFileType = text.json; name = settings.json; path = ../resources/settings.json; sourceTree = "<group>"; };
		9EE0370E1F417BDF0063910E /* EasyCamera.h */ = {isa = PBXFileReference; lastKnownFileType = sourcecode.c.h; path = EasyCamera.h; sourceTree = "<group>"; };
		9EE037111F417BDF0063910E /* EasyCamera.cpp */ = {isa = PBXFileReference; lastKnownFileType = sourcecode.cpp.cpp; path = EasyCamera.cpp; sourceTree = "<group>"; };
		9EE037161F417CC50063910E /* SaveLoadCamera.h */ = {isa = PBXFileReference; lastKnownFileType = sourcecode.c.h; path = SaveLoadCamera.h; sourceTree = "<group>"; };
		9EE037191F417CC50063910E /* SaveLoadCamera.cpp */ = {isa = PBXFileReference; lastKnownFileType = sourcecode.cpp.cpp; path = SaveLoadCamera.cpp; sourceTree = "<group>"; };
		DBE0EB19068D4DA8BEC2D7E9 /* Info.plist */ = {isa = PBXFileReference; lastKnownFileType = text.plist.xml; path = Info.plist; sourceTree = "<group>"; };
/* End PBXFileReference section */

/* Begin PBXFrameworksBuildPhase section */
		8D11072E0486CEB800E47090 /* Frameworks */ = {
			isa = PBXFrameworksBuildPhase;
			buildActionMask = 2147483647;
			files = (
				006D720419952D00008149E2 /* AVFoundation.framework in Frameworks */,
				006D720519952D00008149E2 /* CoreMedia.framework in Frameworks */,
				8D11072F0486CEB800E47090 /* Cocoa.framework in Frameworks */,
				0091D8F90E81B9330029341E /* OpenGL.framework in Frameworks */,
				5323E6B20EAFCA74003A9687 /* CoreVideo.framework in Frameworks */,
				00B784B30FF439BC000DE1D7 /* Accelerate.framework in Frameworks */,
				00B784B40FF439BC000DE1D7 /* AudioToolbox.framework in Frameworks */,
				00B784B50FF439BC000DE1D7 /* AudioUnit.framework in Frameworks */,
				00B784B60FF439BC000DE1D7 /* CoreAudio.framework in Frameworks */,
				00B9955A1B128DF400A5C623 /* IOKit.framework in Frameworks */,
				00B9955B1B128DF400A5C623 /* IOSurface.framework in Frameworks */,
			);
			runOnlyForDeploymentPostprocessing = 0;
		};
/* End PBXFrameworksBuildPhase section */

/* Begin PBXGroup section */
		01B97315FEAEA392516A2CEA /* Blocks */ = {
			isa = PBXGroup;
			children = (
				9EE037131F417CC50063910E /* SaveLoadCamera */,
				9EE0370B1F417BDF0063910E /* EasyCamera */,
				9E783FD31F3FE3F8004F5528 /* OSC */,
				9E783FCB1F3FD43B004F5528 /* MovieSaver */,
				9E783FC31F3FD429004F5528 /* SequenceSaver */,
				9E783FBB1F3FD40D004F5528 /* ImageSaver */,
				9E783FA71F3FB687004F5528 /* LiveCode */,
				9E783F9A1F3FB56D004F5528 /* GlslParams */,
				9E783E5C1F3FB520004F5528 /* UI */,
				9E783E531F3FB4DF004F5528 /* Tiler */,
				9E783E4B1F3FB4C0004F5528 /* AppUI */,
				9E783E431F3FB476004F5528 /* AppPaths */,
			);
			name = Blocks;
			sourceTree = "<group>";
		};
		080E96DDFE201D6D7F000001 /* Source */ = {
			isa = PBXGroup;
			children = (
				61C6FE4A0EBA44DEAFC8FAC0 /* Fragment.cpp */,
			);
			name = Source;
			sourceTree = "<group>";
		};
		1058C7A0FEA54F0111CA2CBB /* Linked Frameworks */ = {
			isa = PBXGroup;
			children = (
				006D720219952D00008149E2 /* AVFoundation.framework */,
				006D720319952D00008149E2 /* CoreMedia.framework */,
				00B784AF0FF439BC000DE1D7 /* Accelerate.framework */,
				00B784B00FF439BC000DE1D7 /* AudioToolbox.framework */,
				00B784B10FF439BC000DE1D7 /* AudioUnit.framework */,
				00B784B20FF439BC000DE1D7 /* CoreAudio.framework */,
				5323E6B10EAFCA74003A9687 /* CoreVideo.framework */,
				0091D8F80E81B9330029341E /* OpenGL.framework */,
				1058C7A1FEA54F0111CA2CBB /* Cocoa.framework */,
				00B995581B128DF400A5C623 /* IOKit.framework */,
				00B995591B128DF400A5C623 /* IOSurface.framework */,
			);
			name = "Linked Frameworks";
			sourceTree = "<group>";
		};
		1058C7A2FEA54F0111CA2CBB /* Other Frameworks */ = {
			isa = PBXGroup;
			children = (
				29B97324FDCFA39411CA2CEA /* AppKit.framework */,
				29B97325FDCFA39411CA2CEA /* Foundation.framework */,
			);
			name = "Other Frameworks";
			sourceTree = "<group>";
		};
		19C28FACFE9D520D11CA2CBB /* Products */ = {
			isa = PBXGroup;
			children = (
				8D1107320486CEB800E47090 /* Fragment.app */,
			);
			name = Products;
			sourceTree = "<group>";
		};
		29B97314FDCFA39411CA2CEA /* ShaderToy */ = {
			isa = PBXGroup;
			children = (
				9E99E2A21F3F9AF900CB95EB /* Fragment.entitlements */,
				01B97315FEAEA392516A2CEA /* Blocks */,
				29B97315FDCFA39411CA2CEA /* Headers */,
				080E96DDFE201D6D7F000001 /* Source */,
				29B97317FDCFA39411CA2CEA /* Resources */,
				29B97323FDCFA39411CA2CEA /* Frameworks */,
				19C28FACFE9D520D11CA2CBB /* Products */,
			);
			name = ShaderToy;
			sourceTree = "<group>";
		};
		29B97315FDCFA39411CA2CEA /* Headers */ = {
			isa = PBXGroup;
			children = (
				8835D0D823174F758A171200 /* Resources.h */,
				5D92CD5CFE5447B09A864E84 /* Fragment_Prefix.pch */,
			);
			name = Headers;
			sourceTree = "<group>";
		};
		29B97317FDCFA39411CA2CEA /* Resources */ = {
			isa = PBXGroup;
			children = (
				9EA0ABCE1F53333400029872 /* settings.json */,
				9E783FB21F3FC0A8004F5528 /* Assets */,
				9E783FB41F3FC0A8004F5528 /* Default */,
				9E783FB31F3FC0A8004F5528 /* Examples */,
				9E783FB51F3FC0A8004F5528 /* Tutorials */,
				9E783FB11F3FC0A8004F5528 /* Working */,
				9E74FB821C080ACB00C5595D /* Fragment.icns */,
				DBE0EB19068D4DA8BEC2D7E9 /* Info.plist */,
			);
			name = Resources;
			sourceTree = "<group>";
		};
		29B97323FDCFA39411CA2CEA /* Frameworks */ = {
			isa = PBXGroup;
			children = (
				1058C7A0FEA54F0111CA2CBB /* Linked Frameworks */,
				1058C7A2FEA54F0111CA2CBB /* Other Frameworks */,
			);
			name = Frameworks;
			sourceTree = "<group>";
		};
		9E783E431F3FB476004F5528 /* AppPaths */ = {
			isa = PBXGroup;
			children = (
				9E783E451F3FB476004F5528 /* include */,
				9E783E481F3FB476004F5528 /* src */,
			);
			name = AppPaths;
			path = ../../../../blocks/AppPaths;
			sourceTree = "<group>";
		};
		9E783E451F3FB476004F5528 /* include */ = {
			isa = PBXGroup;
			children = (
				9E783E461F3FB476004F5528 /* Paths.h */,
			);
			path = include;
			sourceTree = "<group>";
		};
		9E783E481F3FB476004F5528 /* src */ = {
			isa = PBXGroup;
			children = (
				9E783E491F3FB476004F5528 /* Paths.cpp */,
			);
			path = src;
			sourceTree = "<group>";
		};
		9E783E4B1F3FB4C0004F5528 /* AppUI */ = {
			isa = PBXGroup;
			children = (
				9E783E4D1F3FB4C0004F5528 /* include */,
				9E783E501F3FB4C0004F5528 /* src */,
			);
			name = AppUI;
			path = ../../../../blocks/AppUI;
			sourceTree = "<group>";
		};
		9E783E4D1F3FB4C0004F5528 /* include */ = {
			isa = PBXGroup;
			children = (
				9E783E4E1F3FB4C0004F5528 /* AppUI.h */,
			);
			path = include;
			sourceTree = "<group>";
		};
		9E783E501F3FB4C0004F5528 /* src */ = {
			isa = PBXGroup;
			children = (
				9E783E511F3FB4C0004F5528 /* AppUI.cpp */,
			);
			path = src;
			sourceTree = "<group>";
		};
		9E783E531F3FB4DF004F5528 /* Tiler */ = {
			isa = PBXGroup;
			children = (
				9E783E581F3FB4DF004F5528 /* src */,
			);
			name = Tiler;
			path = ../../../../blocks/Tiler;
			sourceTree = "<group>";
		};
		9E783E581F3FB4DF004F5528 /* src */ = {
			isa = PBXGroup;
			children = (
				9E783E591F3FB4DF004F5528 /* Tiler.cpp */,
				9E783E5A1F3FB4DF004F5528 /* Tiler.h */,
			);
			path = src;
			sourceTree = "<group>";
		};
		9E783E5C1F3FB520004F5528 /* UI */ = {
			isa = PBXGroup;
			children = (
				9E783F2D1F3FB521004F5528 /* src */,
			);
			name = UI;
			path = ../../../../blocks/UI;
			sourceTree = "<group>";
		};
		9E783F2D1F3FB521004F5528 /* src */ = {
			isa = PBXGroup;
			children = (
				9E783F2F1F3FB521004F5528 /* BSplineEditor.cpp */,
				9E783F311F3FB521004F5528 /* Button.cpp */,
				9E783F331F3FB521004F5528 /* Canvas.cpp */,
				9E783F371F3FB521004F5528 /* ColorPicker.cpp */,
				9E783F391F3FB521004F5528 /* Colors.cpp */,
				9E783F3B1F3FB521004F5528 /* Control.cpp */,
				9E783F3E1F3FB521004F5528 /* ControlWithLabel.cpp */,
				9E783F401F3FB521004F5528 /* Dialer.cpp */,
				9E783F431F3FB521004F5528 /* Envelope.cpp */,
				9E783F461F3FB521004F5528 /* Fps.cpp */,
				9E783F481F3FB521004F5528 /* Globals.cpp */,
				9E783F4A1F3FB521004F5528 /* Graph.cpp */,
				9E783F4D1F3FB521004F5528 /* Label.cpp */,
				9E783F4F1F3FB521004F5528 /* MultiSlider.cpp */,
				9E783F521F3FB521004F5528 /* Plotter.cpp */,
				9E783F541F3FB521004F5528 /* QuaternionOrderer.cpp */,
				9E783F561F3FB521004F5528 /* Radio.cpp */,
				9E783F581F3FB521004F5528 /* Range.cpp */,
				9E783F5B1F3FB521004F5528 /* Responder.cpp */,
				9E783F5D1F3FB521004F5528 /* Slider.cpp */,
				9E783F5F1F3FB521004F5528 /* Spacer.cpp */,
				9E783F611F3FB521004F5528 /* Spectrum.cpp */,
				9E783F641F3FB521004F5528 /* SuperCanvas.cpp */,
				9E783F661F3FB521004F5528 /* TextInput.cpp */,
				9E783F681F3FB521004F5528 /* TextureView.cpp */,
				9E783F6A1F3FB521004F5528 /* Toggle.cpp */,
				9E783F6E1F3FB521004F5528 /* View.cpp */,
				9E783F701F3FB521004F5528 /* Waveform.cpp */,
				9E783F721F3FB521004F5528 /* WindowCanvas.cpp */,
				9E783F741F3FB521004F5528 /* XYPad.cpp */,
				9E783F2E1F3FB521004F5528 /* Alignments.h */,
				9E783F301F3FB521004F5528 /* BSplineEditor.h */,
				9E783F321F3FB521004F5528 /* Button.h */,
				9E783F341F3FB521004F5528 /* Canvas.h */,
				9E783F351F3FB521004F5528 /* CocoaWindowCanvas.h */,
				9E783F381F3FB521004F5528 /* ColorPicker.h */,
				9E783F3A1F3FB521004F5528 /* Colors.h */,
				9E783F3C1F3FB521004F5528 /* Control.h */,
				9E783F3D1F3FB521004F5528 /* Controls.h */,
				9E783F3F1F3FB521004F5528 /* ControlWithLabel.h */,
				9E783F411F3FB521004F5528 /* Dialer.h */,
				9E783F421F3FB521004F5528 /* Directions.h */,
				9E783F441F3FB521004F5528 /* Envelope.h */,
				9E783F451F3FB521004F5528 /* FontSizes.h */,
				9E783F471F3FB521004F5528 /* Fps.h */,
				9E783F491F3FB521004F5528 /* Globals.h */,
				9E783F4B1F3FB521004F5528 /* Graph.h */,
				9E783F4C1F3FB521004F5528 /* Helpers.h */,
				9E783F4E1F3FB521004F5528 /* Label.h */,
				9E783F501F3FB521004F5528 /* MultiSlider.h */,
				9E783F511F3FB521004F5528 /* Padding.h */,
				9E783F531F3FB521004F5528 /* Plotter.h */,
				9E783F551F3FB521004F5528 /* QuaternionOrderer.h */,
				9E783F571F3FB521004F5528 /* Radio.h */,
				9E783F591F3FB521004F5528 /* Range.h */,
				9E783F5A1F3FB521004F5528 /* RenderData.h */,
				9E783F5C1F3FB521004F5528 /* Responder.h */,
				9E783F5E1F3FB521004F5528 /* Slider.h */,
				9E783F601F3FB521004F5528 /* Spacer.h */,
				9E783F621F3FB521004F5528 /* Spectrum.h */,
				9E783F631F3FB521004F5528 /* States.h */,
				9E783F651F3FB521004F5528 /* SuperCanvas.h */,
				9E783F671F3FB521004F5528 /* TextInput.h */,
				9E783F691F3FB521004F5528 /* TextureView.h */,
				9E783F6B1F3FB521004F5528 /* Toggle.h */,
				9E783F6C1F3FB521004F5528 /* Triggers.h */,
				9E783F6D1F3FB521004F5528 /* UI.h */,
				9E783F6F1F3FB521004F5528 /* View.h */,
				9E783F711F3FB521004F5528 /* Waveform.h */,
				9E783F731F3FB521004F5528 /* WindowCanvas.h */,
				9E783F751F3FB521004F5528 /* XYPad.h */,
				9E783F361F3FB521004F5528 /* CocoaWindowCanvas.mm */,
			);
			path = src;
			sourceTree = "<group>";
		};
		9E783F9A1F3FB56D004F5528 /* GlslParams */ = {
			isa = PBXGroup;
			children = (
				9E783FA31F3FB56D004F5528 /* src */,
			);
			name = GlslParams;
			path = ../../../../blocks/GlslParams;
			sourceTree = "<group>";
		};
		9E783FA31F3FB56D004F5528 /* src */ = {
			isa = PBXGroup;
			children = (
				9E783FA41F3FB56D004F5528 /* GlslParams.cpp */,
				9E783FA51F3FB56D004F5528 /* GlslParams.h */,
			);
			path = src;
			sourceTree = "<group>";
		};
		9E783FA71F3FB687004F5528 /* LiveCode */ = {
			isa = PBXGroup;
			children = (
				9E783FA91F3FB687004F5528 /* include */,
				9E783FAC1F3FB687004F5528 /* src */,
			);
			name = LiveCode;
			path = ../../../../blocks/LiveCode;
			sourceTree = "<group>";
		};
		9E783FA91F3FB687004F5528 /* include */ = {
			isa = PBXGroup;
			children = (
				9E783FAA1F3FB687004F5528 /* LiveCode.h */,
			);
			path = include;
			sourceTree = "<group>";
		};
		9E783FAC1F3FB687004F5528 /* src */ = {
			isa = PBXGroup;
			children = (
				9E783FAD1F3FB687004F5528 /* LiveCode.cpp */,
			);
			path = src;
			sourceTree = "<group>";
		};
		9E783FBB1F3FD40D004F5528 /* ImageSaver */ = {
			isa = PBXGroup;
			children = (
				9E783FBD1F3FD40D004F5528 /* include */,
				9E783FC01F3FD40D004F5528 /* src */,
			);
			name = ImageSaver;
			path = ../../../../blocks/ImageSaver;
			sourceTree = "<group>";
		};
		9E783FBD1F3FD40D004F5528 /* include */ = {
			isa = PBXGroup;
			children = (
				9E783FBE1F3FD40D004F5528 /* ImageSaver.h */,
			);
			path = include;
			sourceTree = "<group>";
		};
		9E783FC01F3FD40D004F5528 /* src */ = {
			isa = PBXGroup;
			children = (
				9E783FC11F3FD40D004F5528 /* ImageSaver.cpp */,
			);
			path = src;
			sourceTree = "<group>";
		};
		9E783FC31F3FD429004F5528 /* SequenceSaver */ = {
			isa = PBXGroup;
			children = (
				9E783FC51F3FD429004F5528 /* include */,
				9E783FC81F3FD429004F5528 /* src */,
			);
			name = SequenceSaver;
			path = ../../../../blocks/SequenceSaver;
			sourceTree = "<group>";
		};
		9E783FC51F3FD429004F5528 /* include */ = {
			isa = PBXGroup;
			children = (
				9E783FC61F3FD429004F5528 /* SequenceSaver.h */,
			);
			path = include;
			sourceTree = "<group>";
		};
		9E783FC81F3FD429004F5528 /* src */ = {
			isa = PBXGroup;
			children = (
				9E783FC91F3FD429004F5528 /* SequenceSaver.cpp */,
			);
			path = src;
			sourceTree = "<group>";
		};
		9E783FCB1F3FD43B004F5528 /* MovieSaver */ = {
			isa = PBXGroup;
			children = (
				9E783FCD1F3FD43B004F5528 /* include */,
				9E783FD01F3FD43B004F5528 /* src */,
			);
			name = MovieSaver;
			path = ../../../../blocks/MovieSaver;
			sourceTree = "<group>";
		};
		9E783FCD1F3FD43B004F5528 /* include */ = {
			isa = PBXGroup;
			children = (
				9E783FCE1F3FD43B004F5528 /* MovieSaver.h */,
			);
			path = include;
			sourceTree = "<group>";
		};
		9E783FD01F3FD43B004F5528 /* src */ = {
			isa = PBXGroup;
			children = (
				9E783FD11F3FD43B004F5528 /* MovieSaver.cpp */,
			);
			path = src;
			sourceTree = "<group>";
		};
		9E783FD31F3FE3F8004F5528 /* OSC */ = {
			isa = PBXGroup;
			children = (
				9E7840861F3FE3F9004F5528 /* src */,
			);
			name = OSC;
			path = ../../../../blocks/OSC;
			sourceTree = "<group>";
		};
		9E7840861F3FE3F9004F5528 /* src */ = {
			isa = PBXGroup;
			children = (
				9E7840871F3FE3F9004F5528 /* cinder */,
			);
			path = src;
			sourceTree = "<group>";
		};
		9E7840871F3FE3F9004F5528 /* cinder */ = {
			isa = PBXGroup;
			children = (
				9E7840881F3FE3F9004F5528 /* osc */,
			);
			path = cinder;
			sourceTree = "<group>";
		};
		9E7840881F3FE3F9004F5528 /* osc */ = {
			isa = PBXGroup;
			children = (
				9E7840891F3FE3F9004F5528 /* Osc.cpp */,
				9E78408A1F3FE3F9004F5528 /* Osc.h */,
			);
			path = osc;
			sourceTree = "<group>";
		};
		9EE0370B1F417BDF0063910E /* EasyCamera */ = {
			isa = PBXGroup;
			children = (
				9EE0370D1F417BDF0063910E /* include */,
				9EE037101F417BDF0063910E /* src */,
			);
			name = EasyCamera;
			path = ../../../../blocks/EasyCamera;
			sourceTree = "<group>";
		};
		9EE0370D1F417BDF0063910E /* include */ = {
			isa = PBXGroup;
			children = (
				9EE0370E1F417BDF0063910E /* EasyCamera.h */,
			);
			path = include;
			sourceTree = "<group>";
		};
		9EE037101F417BDF0063910E /* src */ = {
			isa = PBXGroup;
			children = (
				9EE037111F417BDF0063910E /* EasyCamera.cpp */,
			);
			path = src;
			sourceTree = "<group>";
		};
		9EE037131F417CC50063910E /* SaveLoadCamera */ = {
			isa = PBXGroup;
			children = (
				9EE037151F417CC50063910E /* include */,
				9EE037181F417CC50063910E /* src */,
			);
			name = SaveLoadCamera;
			path = ../../../../blocks/SaveLoadCamera;
			sourceTree = "<group>";
		};
		9EE037151F417CC50063910E /* include */ = {
			isa = PBXGroup;
			children = (
				9EE037161F417CC50063910E /* SaveLoadCamera.h */,
			);
			path = include;
			sourceTree = "<group>";
		};
		9EE037181F417CC50063910E /* src */ = {
			isa = PBXGroup;
			children = (
				9EE037191F417CC50063910E /* SaveLoadCamera.cpp */,
			);
			path = src;
			sourceTree = "<group>";
		};
/* End PBXGroup section */

/* Begin PBXNativeTarget section */
		8D1107260486CEB800E47090 /* Fragment */ = {
			isa = PBXNativeTarget;
			buildConfigurationList = C01FCF4A08A954540054247B /* Build configuration list for PBXNativeTarget "Fragment" */;
			buildPhases = (
				8D1107290486CEB800E47090 /* Resources */,
				8D11072C0486CEB800E47090 /* Sources */,
				8D11072E0486CEB800E47090 /* Frameworks */,
			);
			buildRules = (
			);
			dependencies = (
			);
			name = Fragment;
			productInstallPath = "$(HOME)/Applications";
			productName = ShaderToy;
			productReference = 8D1107320486CEB800E47090 /* Fragment.app */;
			productType = "com.apple.product-type.application";
		};
/* End PBXNativeTarget section */

/* Begin PBXProject section */
		29B97313FDCFA39411CA2CEA /* Project object */ = {
			isa = PBXProject;
			attributes = {
				LastUpgradeCheck = 0900;
				TargetAttributes = {
					8D1107260486CEB800E47090 = {
						DevelopmentTeam = CC7PU3PUHS;
						ProvisioningStyle = Manual;
						SystemCapabilities = {
							com.apple.Sandbox = {
								enabled = 1;
							};
						};
					};
				};
			};
			buildConfigurationList = C01FCF4E08A954540054247B /* Build configuration list for PBXProject "Fragment" */;
			compatibilityVersion = "Xcode 3.2";
			developmentRegion = English;
			hasScannedForEncodings = 1;
			knownRegions = (
				English,
				Japanese,
				French,
				German,
			);
			mainGroup = 29B97314FDCFA39411CA2CEA /* ShaderToy */;
			projectDirPath = "";
			projectRoot = "";
			targets = (
				8D1107260486CEB800E47090 /* Fragment */,
			);
		};
/* End PBXProject section */

/* Begin PBXResourcesBuildPhase section */
		8D1107290486CEB800E47090 /* Resources */ = {
			isa = PBXResourcesBuildPhase;
			buildActionMask = 2147483647;
			files = (
				9E74FB831C080ACB00C5595D /* Fragment.icns in Resources */,
				9E783FB61F3FC3E8004F5528 /* Assets in Resources */,
				9E783FB71F3FC3E8004F5528 /* Default in Resources */,
				9E783FB81F3FC3E8004F5528 /* Examples in Resources */,
				9E783FB91F3FC3E8004F5528 /* Tutorials in Resources */,
				9E783FBA1F3FC3E8004F5528 /* Working in Resources */,
			);
			runOnlyForDeploymentPostprocessing = 0;
		};
/* End PBXResourcesBuildPhase section */

/* Begin PBXSourcesBuildPhase section */
		8D11072C0486CEB800E47090 /* Sources */ = {
			isa = PBXSourcesBuildPhase;
			buildActionMask = 2147483647;
			files = (
				9EE0371A1F417CD50063910E /* SaveLoadCamera.cpp in Sources */,
				9EE037121F417BF00063910E /* EasyCamera.cpp in Sources */,
				9E7840C81F3FE530004F5528 /* Osc.cpp in Sources */,
				9E783FD21F3FD444004F5528 /* MovieSaver.cpp in Sources */,
				9E783FCA1F3FD430004F5528 /* SequenceSaver.cpp in Sources */,
				9E783FC21F3FD41F004F5528 /* ImageSaver.cpp in Sources */,
				9E783FAE1F3FB68F004F5528 /* LiveCode.cpp in Sources */,
				9E783FA61F3FB577004F5528 /* GlslParams.cpp in Sources */,
				9E783F7C1F3FB551004F5528 /* BSplineEditor.cpp in Sources */,
				9E783F7D1F3FB551004F5528 /* Button.cpp in Sources */,
				9E783F7E1F3FB551004F5528 /* Canvas.cpp in Sources */,
				9E783F7F1F3FB551004F5528 /* ColorPicker.cpp in Sources */,
				9E783F801F3FB551004F5528 /* Colors.cpp in Sources */,
				9E783F811F3FB551004F5528 /* Control.cpp in Sources */,
				9E783F821F3FB551004F5528 /* ControlWithLabel.cpp in Sources */,
				9E783F831F3FB551004F5528 /* Dialer.cpp in Sources */,
				9E783F841F3FB551004F5528 /* Envelope.cpp in Sources */,
				9E783F851F3FB551004F5528 /* Fps.cpp in Sources */,
				9E783F861F3FB551004F5528 /* Globals.cpp in Sources */,
				9E783F871F3FB551004F5528 /* Graph.cpp in Sources */,
				9E783F881F3FB551004F5528 /* Label.cpp in Sources */,
				9E783F891F3FB551004F5528 /* MultiSlider.cpp in Sources */,
				9E783F8A1F3FB551004F5528 /* Plotter.cpp in Sources */,
				9E783F8B1F3FB551004F5528 /* QuaternionOrderer.cpp in Sources */,
				9E783F8C1F3FB551004F5528 /* Radio.cpp in Sources */,
				9E783F8D1F3FB551004F5528 /* Range.cpp in Sources */,
				9E783F8E1F3FB551004F5528 /* Responder.cpp in Sources */,
				9E783F8F1F3FB551004F5528 /* Slider.cpp in Sources */,
				9E783F901F3FB551004F5528 /* Spacer.cpp in Sources */,
				9E783F911F3FB551004F5528 /* Spectrum.cpp in Sources */,
				9E783F921F3FB551004F5528 /* SuperCanvas.cpp in Sources */,
				9E783F931F3FB551004F5528 /* TextInput.cpp in Sources */,
				9E783F941F3FB551004F5528 /* TextureView.cpp in Sources */,
				9E783F951F3FB551004F5528 /* Toggle.cpp in Sources */,
				9E783F961F3FB551004F5528 /* View.cpp in Sources */,
				9E783F971F3FB551004F5528 /* Waveform.cpp in Sources */,
				9E783F981F3FB551004F5528 /* WindowCanvas.cpp in Sources */,
				9E783F991F3FB551004F5528 /* XYPad.cpp in Sources */,
				9E783E5B1F3FB4EA004F5528 /* Tiler.cpp in Sources */,
				9E783E4A1F3FB4AC004F5528 /* Paths.cpp in Sources */,
				9E783FAF1F3FB959004F5528 /* AppUI.cpp in Sources */,
				9E4368011F3FAF3A00B7744C /* Fragment.cpp in Sources */,
			);
			runOnlyForDeploymentPostprocessing = 0;
		};
/* End PBXSourcesBuildPhase section */

/* Begin XCBuildConfiguration section */
		C01FCF4B08A954540054247B /* Debug */ = {
			isa = XCBuildConfiguration;
			buildSettings = {
				CODE_SIGN_ENTITLEMENTS = Fragment.entitlements;
				CODE_SIGN_IDENTITY = "Mac Developer";
				"CODE_SIGN_IDENTITY[sdk=macosx*]" = "Mac Developer";
				CODE_SIGN_STYLE = Manual;
				COMBINE_HIDPI_IMAGES = YES;
				COPY_PHASE_STRIP = NO;
				DEAD_CODE_STRIPPING = YES;
				DEVELOPMENT_TEAM = CC7PU3PUHS;
				FRAMEWORK_SEARCH_PATHS = (
					"$(inherited)",
					"$(PROJECT_DIR)",
				);
				GCC_DYNAMIC_NO_PIC = NO;
				GCC_INLINES_ARE_PRIVATE_EXTERN = YES;
				GCC_OPTIMIZATION_LEVEL = 0;
				GCC_PRECOMPILE_PREFIX_HEADER = YES;
				GCC_PREFIX_HEADER = Fragment_Prefix.pch;
				GCC_PREPROCESSOR_DEFINITIONS = (
					"DEBUG=1",
					"$(inherited)",
					"USE_WINDOW_CANVAS=1",
				);
				GCC_SYMBOLS_PRIVATE_EXTERN = NO;
				INFOPLIST_FILE = Info.plist;
				INSTALL_PATH = /Applications;
				LD_RUNPATH_SEARCH_PATHS = "$(inherited) @executable_path/../Frameworks";
				OTHER_CODE_SIGN_FLAGS = "--deep";
				OTHER_LDFLAGS = "\"$(CINDER_PATH)/lib/macosx/$(CONFIGURATION)/libcinder.a\"";
				PRODUCT_BUNDLE_IDENTIFIER = com.syedrezaali.fragment;
				PRODUCT_NAME = Fragment;
				PROVISIONING_PROFILE = "";
				PROVISIONING_PROFILE_SPECIFIER = "";
				SYMROOT = ./build;
				WRAPPER_EXTENSION = app;
			};
			name = Debug;
		};
		C01FCF4C08A954540054247B /* Release */ = {
			isa = XCBuildConfiguration;
			buildSettings = {
				CODE_SIGN_ENTITLEMENTS = Fragment.entitlements;
				CODE_SIGN_IDENTITY = "Mac Developer";
				"CODE_SIGN_IDENTITY[sdk=macosx*]" = "Mac Developer";
				CODE_SIGN_STYLE = Manual;
				COMBINE_HIDPI_IMAGES = YES;
				DEAD_CODE_STRIPPING = YES;
				DEBUG_INFORMATION_FORMAT = "dwarf-with-dsym";
				DEVELOPMENT_TEAM = CC7PU3PUHS;
				FRAMEWORK_SEARCH_PATHS = (
					"$(inherited)",
					"$(PROJECT_DIR)",
				);
				GCC_FAST_MATH = YES;
				GCC_GENERATE_DEBUGGING_SYMBOLS = NO;
				GCC_INLINES_ARE_PRIVATE_EXTERN = YES;
				GCC_OPTIMIZATION_LEVEL = 3;
				GCC_PRECOMPILE_PREFIX_HEADER = YES;
				GCC_PREFIX_HEADER = Fragment_Prefix.pch;
				GCC_PREPROCESSOR_DEFINITIONS = (
					"NDEBUG=1",
					"$(inherited)",
					"USE_WINDOW_CANVAS=1",
				);
				GCC_SYMBOLS_PRIVATE_EXTERN = NO;
				INFOPLIST_FILE = Info.plist;
				INSTALL_PATH = /Applications;
				LD_RUNPATH_SEARCH_PATHS = "$(inherited) @executable_path/../Frameworks";
				OTHER_CODE_SIGN_FLAGS = "--deep";
				OTHER_LDFLAGS = "\"$(CINDER_PATH)/lib/macosx/$(CONFIGURATION)/libcinder.a\"";
				PRODUCT_BUNDLE_IDENTIFIER = com.syedrezaali.fragment;
				PRODUCT_NAME = Fragment;
				PROVISIONING_PROFILE = "";
				PROVISIONING_PROFILE_SPECIFIER = "";
				STRIP_INSTALLED_PRODUCT = YES;
				SYMROOT = ./build;
				WRAPPER_EXTENSION = app;
			};
			name = Release;
		};
		C01FCF4F08A954540054247B /* Debug */ = {
			isa = XCBuildConfiguration;
			buildSettings = {
				ALWAYS_SEARCH_USER_PATHS = YES;
				CINDER_PATH = ../../../..;
				CLANG_ANALYZER_LOCALIZABILITY_NONLOCALIZED = YES;
				CLANG_CXX_LANGUAGE_STANDARD = "c++11";
				CLANG_CXX_LIBRARY = "libc++";
				CLANG_WARN_BLOCK_CAPTURE_AUTORELEASING = YES;
				CLANG_WARN_BOOL_CONVERSION = YES;
				CLANG_WARN_COMMA = YES;
				CLANG_WARN_CONSTANT_CONVERSION = YES;
				CLANG_WARN_EMPTY_BODY = YES;
				CLANG_WARN_ENUM_CONVERSION = YES;
				CLANG_WARN_INFINITE_RECURSION = YES;
				CLANG_WARN_INT_CONVERSION = YES;
				CLANG_WARN_NON_LITERAL_NULL_CONVERSION = YES;
				CLANG_WARN_OBJC_LITERAL_CONVERSION = YES;
				CLANG_WARN_RANGE_LOOP_ANALYSIS = YES;
				CLANG_WARN_STRICT_PROTOTYPES = YES;
				CLANG_WARN_SUSPICIOUS_MOVE = YES;
				CLANG_WARN_UNREACHABLE_CODE = YES;
				CLANG_WARN__DUPLICATE_METHOD_MATCH = YES;
				CODE_SIGN_IDENTITY = "Mac Developer";
				ENABLE_STRICT_OBJC_MSGSEND = YES;
				ENABLE_TESTABILITY = YES;
				GCC_NO_COMMON_BLOCKS = YES;
				GCC_WARN_64_TO_32_BIT_CONVERSION = YES;
				GCC_WARN_ABOUT_RETURN_TYPE = YES;
				GCC_WARN_UNDECLARED_SELECTOR = YES;
				GCC_WARN_UNINITIALIZED_AUTOS = YES;
				GCC_WARN_UNUSED_FUNCTION = YES;
				GCC_WARN_UNUSED_VARIABLE = YES;
				HEADER_SEARCH_PATHS = "\"$(CINDER_PATH)/include\"";
				INSTALL_PATH = /Applications;
				MACOSX_DEPLOYMENT_TARGET = 10.8;
				ONLY_ACTIVE_ARCH = YES;
				OTHER_CODE_SIGN_FLAGS = "--deep";
				SDKROOT = macosx;
				USER_HEADER_SEARCH_PATHS = "\"$(CINDER_PATH)/include\" ../include ../../../../blocks/Watchdog/include ../../../../blocks/AppPaths/include ../../../../blocks/GlslParams/src ../../../../blocks/LiveCode/include ../../../../blocks/UI/src ../../../../blocks/AppUI/include ../../../../blocks/Tiler/src";
				USE_WINDOW_CANVAS = 1;
			};
			name = Debug;
		};
		C01FCF5008A954540054247B /* Release */ = {
			isa = XCBuildConfiguration;
			buildSettings = {
				ALWAYS_SEARCH_USER_PATHS = YES;
				CINDER_PATH = ../../../..;
				CLANG_ANALYZER_LOCALIZABILITY_NONLOCALIZED = YES;
				CLANG_CXX_LANGUAGE_STANDARD = "c++11";
				CLANG_CXX_LIBRARY = "libc++";
				CLANG_WARN_BLOCK_CAPTURE_AUTORELEASING = YES;
				CLANG_WARN_BOOL_CONVERSION = YES;
				CLANG_WARN_COMMA = YES;
				CLANG_WARN_CONSTANT_CONVERSION = YES;
				CLANG_WARN_EMPTY_BODY = YES;
				CLANG_WARN_ENUM_CONVERSION = YES;
				CLANG_WARN_INFINITE_RECURSION = YES;
				CLANG_WARN_INT_CONVERSION = YES;
				CLANG_WARN_NON_LITERAL_NULL_CONVERSION = YES;
				CLANG_WARN_OBJC_LITERAL_CONVERSION = YES;
				CLANG_WARN_RANGE_LOOP_ANALYSIS = YES;
				CLANG_WARN_STRICT_PROTOTYPES = YES;
				CLANG_WARN_SUSPICIOUS_MOVE = YES;
				CLANG_WARN_UNREACHABLE_CODE = YES;
				CLANG_WARN__DUPLICATE_METHOD_MATCH = YES;
				CODE_SIGN_IDENTITY = "Mac Developer";
				ENABLE_STRICT_OBJC_MSGSEND = YES;
				GCC_NO_COMMON_BLOCKS = YES;
				GCC_WARN_64_TO_32_BIT_CONVERSION = YES;
				GCC_WARN_ABOUT_RETURN_TYPE = YES;
				GCC_WARN_UNDECLARED_SELECTOR = YES;
				GCC_WARN_UNINITIALIZED_AUTOS = YES;
				GCC_WARN_UNUSED_FUNCTION = YES;
				GCC_WARN_UNUSED_VARIABLE = YES;
				HEADER_SEARCH_PATHS = "\"$(CINDER_PATH)/include\"";
				INSTALL_PATH = /Applications;
				MACOSX_DEPLOYMENT_TARGET = 10.8;
				OTHER_CODE_SIGN_FLAGS = "--deep";
				SDKROOT = macosx;
				USER_HEADER_SEARCH_PATHS = "\"$(CINDER_PATH)/include\" ../include ../../../../blocks/Watchdog/include ../../../../blocks/AppPaths/include ../../../../blocks/GlslParams/src ../../../../blocks/LiveCode/include ../../../../blocks/UI/src ../../../../blocks/AppUI/include ../../../../blocks/Tiler/src";
				USE_WINDOW_CANVAS = 1;
			};
			name = Release;
		};
/* End XCBuildConfiguration section */

/* Begin XCConfigurationList section */
		C01FCF4A08A954540054247B /* Build configuration list for PBXNativeTarget "Fragment" */ = {
			isa = XCConfigurationList;
			buildConfigurations = (
				C01FCF4B08A954540054247B /* Debug */,
				C01FCF4C08A954540054247B /* Release */,
			);
			defaultConfigurationIsVisible = 0;
			defaultConfigurationName = Release;
		};
		C01FCF4E08A954540054247B /* Build configuration list for PBXProject "Fragment" */ = {
			isa = XCConfigurationList;
			buildConfigurations = (
				C01FCF4F08A954540054247B /* Debug */,
				C01FCF5008A954540054247B /* Release */,
			);
			defaultConfigurationIsVisible = 0;
			defaultConfigurationName = Release;
		};
/* End XCConfigurationList section */
	};
	rootObject = 29B97313FDCFA39411CA2CEA /* Project object */;
}
