// !$*UTF8*$!
{
	archiveVersion = 1;
	classes = {
	};
	objectVersion = 46;
	objects = {

/* Begin PBXBuildFile section */
		006D720419952D00008149E2 /* AVFoundation.framework in Frameworks */ = {isa = PBXBuildFile; fileRef = 006D720219952D00008149E2 /* AVFoundation.framework */; };
		006D720519952D00008149E2 /* CoreMedia.framework in Frameworks */ = {isa = PBXBuildFile; fileRef = 006D720319952D00008149E2 /* CoreMedia.framework */; };
		0091D8F90E81B9330029341E /* OpenGL.framework in Frameworks */ = {isa = PBXBuildFile; fileRef = 0091D8F80E81B9330029341E /* OpenGL.framework */; };
		00B784B30FF439BC000DE1D7 /* Accelerate.framework in Frameworks */ = {isa = PBXBuildFile; fileRef = 00B784AF0FF439BC000DE1D7 /* Accelerate.framework */; };
		00B784B40FF439BC000DE1D7 /* AudioToolbox.framework in Frameworks */ = {isa = PBXBuildFile; fileRef = 00B784B00FF439BC000DE1D7 /* AudioToolbox.framework */; };
		00B784B50FF439BC000DE1D7 /* AudioUnit.framework in Frameworks */ = {isa = PBXBuildFile; fileRef = 00B784B10FF439BC000DE1D7 /* AudioUnit.framework */; };
		00B784B60FF439BC000DE1D7 /* CoreAudio.framework in Frameworks */ = {isa = PBXBuildFile; fileRef = 00B784B20FF439BC000DE1D7 /* CoreAudio.framework */; };
		00B9955A1B128DF400A5C623 /* IOKit.framework in Frameworks */ = {isa = PBXBuildFile; fileRef = 00B995581B128DF400A5C623 /* IOKit.framework */; };
		00B9955B1B128DF400A5C623 /* IOSurface.framework in Frameworks */ = {isa = PBXBuildFile; fileRef = 00B995591B128DF400A5C623 /* IOSurface.framework */; };
		07CC7DD61DB64024AAC3FEA6 /* Canvas.cpp in Sources */ = {isa = PBXBuildFile; fileRef = B809FD68E20746FCA24CF8FD /* Canvas.cpp */; };
		0A26199001E847679C5FDEFE /* QuaternionOrderer.cpp in Sources */ = {isa = PBXBuildFile; fileRef = E4F96DBF4197417790DFA437 /* QuaternionOrderer.cpp */; };
		0A8E36266C274CF3B24A073B /* WindowCanvas.cpp in Sources */ = {isa = PBXBuildFile; fileRef = 5706A00FFCAD4B7B817049A2 /* WindowCanvas.cpp */; };
		20E45AF7037C4BA795BC1BC0 /* XYPad.cpp in Sources */ = {isa = PBXBuildFile; fileRef = 71BB061C31944E04B9FA5272 /* XYPad.cpp */; };
		25727D80D6514308AB05D10D /* ControlWithLabel.cpp in Sources */ = {isa = PBXBuildFile; fileRef = BAA1DC9619084F71992F6709 /* ControlWithLabel.cpp */; };
		299F80E0B4B74416AC3E3E64 /* ColorPicker.cpp in Sources */ = {isa = PBXBuildFile; fileRef = 4344A684A20740EF86FD29F8 /* ColorPicker.cpp */; };
		2DCC4B275A5346B7B394C3D1 /* SuperCanvas.cpp in Sources */ = {isa = PBXBuildFile; fileRef = 3AE494D1E7304E20A696D514 /* SuperCanvas.cpp */; };
		355AB5D1B24E4BB4A3BCA7B4 /* Toggle.cpp in Sources */ = {isa = PBXBuildFile; fileRef = 87555916BB684BC9BF67C19C /* Toggle.cpp */; };
		3A6318A74D3044C581E618EE /* Paths.cpp in Sources */ = {isa = PBXBuildFile; fileRef = 277B83795C9448C98C7128DA /* Paths.cpp */; };
		50DF3C1503E14432A5677BFC /* Range.cpp in Sources */ = {isa = PBXBuildFile; fileRef = E32E851829C644598F7B0804 /* Range.cpp */; };
		5323E6B20EAFCA74003A9687 /* CoreVideo.framework in Frameworks */ = {isa = PBXBuildFile; fileRef = 5323E6B10EAFCA74003A9687 /* CoreVideo.framework */; };
		64430CEE94714FC19C46CDDB /* Responder.cpp in Sources */ = {isa = PBXBuildFile; fileRef = 08B2AC29808E47C987E68297 /* Responder.cpp */; };
		67E55AC6207C446C8A91EEB1 /* Colors.cpp in Sources */ = {isa = PBXBuildFile; fileRef = 3035FA99B08543C887E7AAA4 /* Colors.cpp */; };
		6F6E079E43E4415A834ECEC3 /* Dialer.cpp in Sources */ = {isa = PBXBuildFile; fileRef = 85AF3AAC8E284E94A28F7499 /* Dialer.cpp */; };
		70FF3305F8B94391BBFA112A /* LiveAsset.cpp in Sources */ = {isa = PBXBuildFile; fileRef = 7D02B531A9BD4DC4A56FBB93 /* LiveAsset.cpp */; };
		76289AED6D4D42FD957E5CB2 /* GlslParams.cpp in Sources */ = {isa = PBXBuildFile; fileRef = B33EC3CB20414E0A9CC6D11C /* GlslParams.cpp */; };
		8081740FAACA4071B98787E2 /* View.cpp in Sources */ = {isa = PBXBuildFile; fileRef = B918B2782F8441C999C800D7 /* View.cpp */; };
		823C8B52D6F04B8393BAB3B1 /* Globals.cpp in Sources */ = {isa = PBXBuildFile; fileRef = E39DE76C29EC47759EE61A5C /* Globals.cpp */; };
		8466FE9CD12A41D88088E7F3 /* Slider.cpp in Sources */ = {isa = PBXBuildFile; fileRef = 91A9BD6ACCED41D6ACFE0D73 /* Slider.cpp */; };
		873D1EA98F954BD7BB6A1A60 /* Spacer.cpp in Sources */ = {isa = PBXBuildFile; fileRef = 8D659EA887184C04B87620A7 /* Spacer.cpp */; };
		88922F8A1C424BE994F0DDE3 /* Graph.cpp in Sources */ = {isa = PBXBuildFile; fileRef = AB6BBA763E8D48C3BC391049 /* Graph.cpp */; };
		8902C626E68E483CB1918ADD /* Spectrum.cpp in Sources */ = {isa = PBXBuildFile; fileRef = 050FFF0B09834D6FB89E5C65 /* Spectrum.cpp */; };
		8D11072F0486CEB800E47090 /* Cocoa.framework in Frameworks */ = {isa = PBXBuildFile; fileRef = 1058C7A1FEA54F0111CA2CBB /* Cocoa.framework */; };
		987E7E9BBBD145B28A4C34AA /* Envelope.cpp in Sources */ = {isa = PBXBuildFile; fileRef = 5DC92CE472E44F5FBD63D41A /* Envelope.cpp */; };
		9E5BF2F01C11E1900087018D /* palettes.png in Resources */ = {isa = PBXBuildFile; fileRef = 9E5BF2EF1C11E1900087018D /* palettes.png */; };
		9E74FB831C080ACB00C5595D /* Fragment.icns in Resources */ = {isa = PBXBuildFile; fileRef = 9E74FB821C080ACB00C5595D /* Fragment.icns */; };
		A452FEEB730C44708D5E33DE /* TextureView.cpp in Sources */ = {isa = PBXBuildFile; fileRef = 92C4E7A09E054B01AA0D6A46 /* TextureView.cpp */; };
		A6C14C63E22E479B9BFE7C14 /* Tiler.cpp in Sources */ = {isa = PBXBuildFile; fileRef = 2C80895498E648B6B5C73416 /* Tiler.cpp */; };
		ABC23B1A58FA49D9AF067E33 /* FragmentApp.cpp in Sources */ = {isa = PBXBuildFile; fileRef = 61C6FE4A0EBA44DEAFC8FAC0 /* FragmentApp.cpp */; };
		B123562109A74F578EA6D330 /* Button.cpp in Sources */ = {isa = PBXBuildFile; fileRef = AE89A13FEFEF4CD99743202D /* Button.cpp */; };
		B6AA128848734EA9970ACB67 /* TextInput.cpp in Sources */ = {isa = PBXBuildFile; fileRef = 77763FA1A6C540E7BC32B338 /* TextInput.cpp */; };
		BDBE5E4D3D9B46468F81872D /* MultiSlider.cpp in Sources */ = {isa = PBXBuildFile; fileRef = 86AF0F9CBDD9418BBE524B34 /* MultiSlider.cpp */; };
		C0B91C4346294C1E8DC61D37 /* BSplineEditor.cpp in Sources */ = {isa = PBXBuildFile; fileRef = 23B1435B4D0E40C38E654C0C /* BSplineEditor.cpp */; };
		C2D66DCFDAF14CDA8BB16D91 /* Control.cpp in Sources */ = {isa = PBXBuildFile; fileRef = D29F2305159D4DFF9E95CC58 /* Control.cpp */; };
		C4931FE6BBF740C0903375A8 /* Waveform.cpp in Sources */ = {isa = PBXBuildFile; fileRef = 6E04E20EFAE842CFB3996128 /* Waveform.cpp */; };
		CB57655D9AC64BFC83B2D874 /* Fps.cpp in Sources */ = {isa = PBXBuildFile; fileRef = C847AD86C98B443685480A2A /* Fps.cpp */; };
		D21CB267116B413BBB719026 /* Plotter.cpp in Sources */ = {isa = PBXBuildFile; fileRef = A0AB1414341D4E33B5F99D53 /* Plotter.cpp */; };
		D866BBD774F94A0289E1602A /* Radio.cpp in Sources */ = {isa = PBXBuildFile; fileRef = A73EA2940A09432CA499822F /* Radio.cpp */; };
		F05AB463ACF547FB8E20B904 /* Label.cpp in Sources */ = {isa = PBXBuildFile; fileRef = 781064FE80C54974AD11E92E /* Label.cpp */; };
/* End PBXBuildFile section */

/* Begin PBXFileReference section */
		006D720219952D00008149E2 /* AVFoundation.framework */ = {isa = PBXFileReference; lastKnownFileType = wrapper.framework; name = AVFoundation.framework; path = System/Library/Frameworks/AVFoundation.framework; sourceTree = SDKROOT; };
		006D720319952D00008149E2 /* CoreMedia.framework */ = {isa = PBXFileReference; lastKnownFileType = wrapper.framework; name = CoreMedia.framework; path = System/Library/Frameworks/CoreMedia.framework; sourceTree = SDKROOT; };
		0091D8F80E81B9330029341E /* OpenGL.framework */ = {isa = PBXFileReference; lastKnownFileType = wrapper.framework; name = OpenGL.framework; path = /System/Library/Frameworks/OpenGL.framework; sourceTree = "<absolute>"; };
		00B784AF0FF439BC000DE1D7 /* Accelerate.framework */ = {isa = PBXFileReference; lastKnownFileType = wrapper.framework; name = Accelerate.framework; path = System/Library/Frameworks/Accelerate.framework; sourceTree = SDKROOT; };
		00B784B00FF439BC000DE1D7 /* AudioToolbox.framework */ = {isa = PBXFileReference; lastKnownFileType = wrapper.framework; name = AudioToolbox.framework; path = System/Library/Frameworks/AudioToolbox.framework; sourceTree = SDKROOT; };
		00B784B10FF439BC000DE1D7 /* AudioUnit.framework */ = {isa = PBXFileReference; lastKnownFileType = wrapper.framework; name = AudioUnit.framework; path = System/Library/Frameworks/AudioUnit.framework; sourceTree = SDKROOT; };
		00B784B20FF439BC000DE1D7 /* CoreAudio.framework */ = {isa = PBXFileReference; lastKnownFileType = wrapper.framework; name = CoreAudio.framework; path = System/Library/Frameworks/CoreAudio.framework; sourceTree = SDKROOT; };
		00B995581B128DF400A5C623 /* IOKit.framework */ = {isa = PBXFileReference; lastKnownFileType = wrapper.framework; name = IOKit.framework; path = System/Library/Frameworks/IOKit.framework; sourceTree = SDKROOT; };
		00B995591B128DF400A5C623 /* IOSurface.framework */ = {isa = PBXFileReference; lastKnownFileType = wrapper.framework; name = IOSurface.framework; path = System/Library/Frameworks/IOSurface.framework; sourceTree = SDKROOT; };
		050FFF0B09834D6FB89E5C65 /* Spectrum.cpp */ = {isa = PBXFileReference; lastKnownFileType = sourcecode.c.cpp; name = Spectrum.cpp; path = ../blocks/UI/src/Spectrum.cpp; sourceTree = "<group>"; };
		08B2AC29808E47C987E68297 /* Responder.cpp */ = {isa = PBXFileReference; lastKnownFileType = sourcecode.c.cpp; name = Responder.cpp; path = ../blocks/UI/src/Responder.cpp; sourceTree = "<group>"; };
		0D62AE05D716445E9C4E7D37 /* RenderData.h */ = {isa = PBXFileReference; lastKnownFileType = sourcecode.c.h; name = RenderData.h; path = ../blocks/UI/src/RenderData.h; sourceTree = "<group>"; };
		1058C7A1FEA54F0111CA2CBB /* Cocoa.framework */ = {isa = PBXFileReference; lastKnownFileType = wrapper.framework; name = Cocoa.framework; path = /System/Library/Frameworks/Cocoa.framework; sourceTree = "<absolute>"; };
		14C36798E35B409ABDF7B624 /* Range.h */ = {isa = PBXFileReference; lastKnownFileType = sourcecode.c.h; name = Range.h; path = ../blocks/UI/src/Range.h; sourceTree = "<group>"; };
		175CE0F72C1D45748AB34F45 /* Tiler.h */ = {isa = PBXFileReference; lastKnownFileType = sourcecode.c.h; name = Tiler.h; path = ../blocks/Tiler/src/Tiler.h; sourceTree = "<group>"; };
		1C3EDE24EBF14809935612B3 /* Spacer.h */ = {isa = PBXFileReference; lastKnownFileType = sourcecode.c.h; name = Spacer.h; path = ../blocks/UI/src/Spacer.h; sourceTree = "<group>"; };
		1E30B94ADB94479BB2EF2A41 /* Fps.h */ = {isa = PBXFileReference; lastKnownFileType = sourcecode.c.h; name = Fps.h; path = ../blocks/UI/src/Fps.h; sourceTree = "<group>"; };
		23B1435B4D0E40C38E654C0C /* BSplineEditor.cpp */ = {isa = PBXFileReference; lastKnownFileType = sourcecode.c.cpp; name = BSplineEditor.cpp; path = ../blocks/UI/src/BSplineEditor.cpp; sourceTree = "<group>"; };
		277B83795C9448C98C7128DA /* Paths.cpp */ = {isa = PBXFileReference; lastKnownFileType = sourcecode.c.cpp; name = Paths.cpp; path = ../blocks/Paths/src/Paths.cpp; sourceTree = "<group>"; };
		29489F2A8BCB4E778CBA68ED /* Radio.h */ = {isa = PBXFileReference; lastKnownFileType = sourcecode.c.h; name = Radio.h; path = ../blocks/UI/src/Radio.h; sourceTree = "<group>"; };
		29B97324FDCFA39411CA2CEA /* AppKit.framework */ = {isa = PBXFileReference; lastKnownFileType = wrapper.framework; name = AppKit.framework; path = /System/Library/Frameworks/AppKit.framework; sourceTree = "<absolute>"; };
		29B97325FDCFA39411CA2CEA /* Foundation.framework */ = {isa = PBXFileReference; lastKnownFileType = wrapper.framework; name = Foundation.framework; path = /System/Library/Frameworks/Foundation.framework; sourceTree = "<absolute>"; };
		2C80895498E648B6B5C73416 /* Tiler.cpp */ = {isa = PBXFileReference; lastKnownFileType = sourcecode.c.cpp; name = Tiler.cpp; path = ../blocks/Tiler/src/Tiler.cpp; sourceTree = "<group>"; };
		3035FA99B08543C887E7AAA4 /* Colors.cpp */ = {isa = PBXFileReference; lastKnownFileType = sourcecode.c.cpp; name = Colors.cpp; path = ../blocks/UI/src/Colors.cpp; sourceTree = "<group>"; };
		3767C8660DE5427C9065872C /* Control.h */ = {isa = PBXFileReference; lastKnownFileType = sourcecode.c.h; name = Control.h; path = ../blocks/UI/src/Control.h; sourceTree = "<group>"; };
		39C546EF6FDC488BB63107A9 /* TextureView.h */ = {isa = PBXFileReference; lastKnownFileType = sourcecode.c.h; name = TextureView.h; path = ../blocks/UI/src/TextureView.h; sourceTree = "<group>"; };
		3AE494D1E7304E20A696D514 /* SuperCanvas.cpp */ = {isa = PBXFileReference; lastKnownFileType = sourcecode.c.cpp; name = SuperCanvas.cpp; path = ../blocks/UI/src/SuperCanvas.cpp; sourceTree = "<group>"; };
		4344A684A20740EF86FD29F8 /* ColorPicker.cpp */ = {isa = PBXFileReference; lastKnownFileType = sourcecode.c.cpp; name = ColorPicker.cpp; path = ../blocks/UI/src/ColorPicker.cpp; sourceTree = "<group>"; };
		43C9936A59364AC4B2A19CBA /* Label.h */ = {isa = PBXFileReference; lastKnownFileType = sourcecode.c.h; name = Label.h; path = ../blocks/UI/src/Label.h; sourceTree = "<group>"; };
		450F953AE8274BFAB04DBF68 /* MultiSlider.h */ = {isa = PBXFileReference; lastKnownFileType = sourcecode.c.h; name = MultiSlider.h; path = ../blocks/UI/src/MultiSlider.h; sourceTree = "<group>"; };
		4683D79707624C8D8197FAF7 /* View.h */ = {isa = PBXFileReference; lastKnownFileType = sourcecode.c.h; name = View.h; path = ../blocks/UI/src/View.h; sourceTree = "<group>"; };
		4A71E13357AD4E4EA93B30DF /* Button.h */ = {isa = PBXFileReference; lastKnownFileType = sourcecode.c.h; name = Button.h; path = ../blocks/UI/src/Button.h; sourceTree = "<group>"; };
		4C56DD2EE447441FB6626ECE /* TextInput.h */ = {isa = PBXFileReference; lastKnownFileType = sourcecode.c.h; name = TextInput.h; path = ../blocks/UI/src/TextInput.h; sourceTree = "<group>"; };
		5323E6B10EAFCA74003A9687 /* CoreVideo.framework */ = {isa = PBXFileReference; lastKnownFileType = wrapper.framework; name = CoreVideo.framework; path = /System/Library/Frameworks/CoreVideo.framework; sourceTree = "<absolute>"; };
		541E5FDD5F9A474C8494407E /* Plotter.h */ = {isa = PBXFileReference; lastKnownFileType = sourcecode.c.h; name = Plotter.h; path = ../blocks/UI/src/Plotter.h; sourceTree = "<group>"; };
		5706A00FFCAD4B7B817049A2 /* WindowCanvas.cpp */ = {isa = PBXFileReference; lastKnownFileType = sourcecode.c.cpp; name = WindowCanvas.cpp; path = ../blocks/UI/src/WindowCanvas.cpp; sourceTree = "<group>"; };
		57AD5BCD77FF4E15A3BD4A86 /* Spectrum.h */ = {isa = PBXFileReference; lastKnownFileType = sourcecode.c.h; name = Spectrum.h; path = ../blocks/UI/src/Spectrum.h; sourceTree = "<group>"; };
		592ECD741FBA47F683EF561C /* Padding.h */ = {isa = PBXFileReference; lastKnownFileType = sourcecode.c.h; name = Padding.h; path = ../blocks/UI/src/Padding.h; sourceTree = "<group>"; };
		5D92CD5CFE5447B09A864E84 /* Fragment_Prefix.pch */ = {isa = PBXFileReference; lastKnownFileType = sourcecode.c.h; path = Fragment_Prefix.pch; sourceTree = "<group>"; };
		5DC92CE472E44F5FBD63D41A /* Envelope.cpp */ = {isa = PBXFileReference; lastKnownFileType = sourcecode.c.cpp; name = Envelope.cpp; path = ../blocks/UI/src/Envelope.cpp; sourceTree = "<group>"; };
		61C6FE4A0EBA44DEAFC8FAC0 /* FragmentApp.cpp */ = {isa = PBXFileReference; lastKnownFileType = sourcecode.cpp.cpp; name = FragmentApp.cpp; path = ../src/FragmentApp.cpp; sourceTree = "<group>"; };
		6E04E20EFAE842CFB3996128 /* Waveform.cpp */ = {isa = PBXFileReference; lastKnownFileType = sourcecode.c.cpp; name = Waveform.cpp; path = ../blocks/UI/src/Waveform.cpp; sourceTree = "<group>"; };
		71152F364DE041289D9A2042 /* Canvas.h */ = {isa = PBXFileReference; lastKnownFileType = sourcecode.c.h; name = Canvas.h; path = ../blocks/UI/src/Canvas.h; sourceTree = "<group>"; };
		71BB061C31944E04B9FA5272 /* XYPad.cpp */ = {isa = PBXFileReference; lastKnownFileType = sourcecode.c.cpp; name = XYPad.cpp; path = ../blocks/UI/src/XYPad.cpp; sourceTree = "<group>"; };
		724C4D4BAAEB4EC7B870F945 /* CinderApp.icns */ = {isa = PBXFileReference; lastKnownFileType = image.icns; name = CinderApp.icns; path = ../resources/CinderApp.icns; sourceTree = "<group>"; };
		77763FA1A6C540E7BC32B338 /* TextInput.cpp */ = {isa = PBXFileReference; lastKnownFileType = sourcecode.c.cpp; name = TextInput.cpp; path = ../blocks/UI/src/TextInput.cpp; sourceTree = "<group>"; };
		781064FE80C54974AD11E92E /* Label.cpp */ = {isa = PBXFileReference; lastKnownFileType = sourcecode.c.cpp; name = Label.cpp; path = ../blocks/UI/src/Label.cpp; sourceTree = "<group>"; };
		7D02B531A9BD4DC4A56FBB93 /* LiveAsset.cpp */ = {isa = PBXFileReference; lastKnownFileType = sourcecode.c.cpp; name = LiveAsset.cpp; path = ../blocks/LiveAsset/src/LiveAsset.cpp; sourceTree = "<group>"; };
		7DBD61E4FBC943F684CE46EC /* Directions.h */ = {isa = PBXFileReference; lastKnownFileType = sourcecode.c.h; name = Directions.h; path = ../blocks/UI/src/Directions.h; sourceTree = "<group>"; };
		833B281129D6486F8CC3669F /* Helpers.h */ = {isa = PBXFileReference; lastKnownFileType = sourcecode.c.h; name = Helpers.h; path = ../blocks/UI/src/Helpers.h; sourceTree = "<group>"; };
		85AF3AAC8E284E94A28F7499 /* Dialer.cpp */ = {isa = PBXFileReference; lastKnownFileType = sourcecode.c.cpp; name = Dialer.cpp; path = ../blocks/UI/src/Dialer.cpp; sourceTree = "<group>"; };
		861838489C2C4CCAAF094C6F /* Envelope.h */ = {isa = PBXFileReference; lastKnownFileType = sourcecode.c.h; name = Envelope.h; path = ../blocks/UI/src/Envelope.h; sourceTree = "<group>"; };
		86AF0F9CBDD9418BBE524B34 /* MultiSlider.cpp */ = {isa = PBXFileReference; lastKnownFileType = sourcecode.c.cpp; name = MultiSlider.cpp; path = ../blocks/UI/src/MultiSlider.cpp; sourceTree = "<group>"; };
		87555916BB684BC9BF67C19C /* Toggle.cpp */ = {isa = PBXFileReference; lastKnownFileType = sourcecode.c.cpp; name = Toggle.cpp; path = ../blocks/UI/src/Toggle.cpp; sourceTree = "<group>"; };
		8835D0D823174F758A171200 /* Resources.h */ = {isa = PBXFileReference; lastKnownFileType = sourcecode.c.h; name = Resources.h; path = ../include/Resources.h; sourceTree = "<group>"; };
		8C362FD4CB5E472BBFA58FA4 /* Paths.h */ = {isa = PBXFileReference; lastKnownFileType = sourcecode.c.h; name = Paths.h; path = ../blocks/Paths/src/Paths.h; sourceTree = "<group>"; };
		8D1107320486CEB800E47090 /* Fragment.app */ = {isa = PBXFileReference; explicitFileType = wrapper.application; includeInIndex = 0; path = Fragment.app; sourceTree = BUILT_PRODUCTS_DIR; };
		8D659EA887184C04B87620A7 /* Spacer.cpp */ = {isa = PBXFileReference; lastKnownFileType = sourcecode.c.cpp; name = Spacer.cpp; path = ../blocks/UI/src/Spacer.cpp; sourceTree = "<group>"; };
		8F24C7090175440EA7A6760A /* BSplineEditor.h */ = {isa = PBXFileReference; lastKnownFileType = sourcecode.c.h; name = BSplineEditor.h; path = ../blocks/UI/src/BSplineEditor.h; sourceTree = "<group>"; };
		91A9BD6ACCED41D6ACFE0D73 /* Slider.cpp */ = {isa = PBXFileReference; lastKnownFileType = sourcecode.c.cpp; name = Slider.cpp; path = ../blocks/UI/src/Slider.cpp; sourceTree = "<group>"; };
		92C4E7A09E054B01AA0D6A46 /* TextureView.cpp */ = {isa = PBXFileReference; lastKnownFileType = sourcecode.c.cpp; name = TextureView.cpp; path = ../blocks/UI/src/TextureView.cpp; sourceTree = "<group>"; };
		93A3BFCBDCEC437F93449A17 /* States.h */ = {isa = PBXFileReference; lastKnownFileType = sourcecode.c.h; name = States.h; path = ../blocks/UI/src/States.h; sourceTree = "<group>"; };
		95F273102E434E0BA21B9668 /* Alignments.h */ = {isa = PBXFileReference; lastKnownFileType = sourcecode.c.h; name = Alignments.h; path = ../blocks/UI/src/Alignments.h; sourceTree = "<group>"; };
		971843D8EB21493EB172C8A1 /* Globals.h */ = {isa = PBXFileReference; lastKnownFileType = sourcecode.c.h; name = Globals.h; path = ../blocks/UI/src/Globals.h; sourceTree = "<group>"; };
		9B203B23F4AA45718DF8A426 /* Dialer.h */ = {isa = PBXFileReference; lastKnownFileType = sourcecode.c.h; name = Dialer.h; path = ../blocks/UI/src/Dialer.h; sourceTree = "<group>"; };
		9DAA191950F1427CAAD1D34D /* SuperCanvas.h */ = {isa = PBXFileReference; lastKnownFileType = sourcecode.c.h; name = SuperCanvas.h; path = ../blocks/UI/src/SuperCanvas.h; sourceTree = "<group>"; };
		9E5BF2EF1C11E1900087018D /* palettes.png */ = {isa = PBXFileReference; lastKnownFileType = image.png; name = palettes.png; path = ../resources/palettes.png; sourceTree = "<group>"; };
		9E74FB821C080ACB00C5595D /* Fragment.icns */ = {isa = PBXFileReference; lastKnownFileType = image.icns; name = Fragment.icns; path = ../resources/Fragment.icns; sourceTree = "<group>"; };
		A0AB1414341D4E33B5F99D53 /* Plotter.cpp */ = {isa = PBXFileReference; lastKnownFileType = sourcecode.c.cpp; name = Plotter.cpp; path = ../blocks/UI/src/Plotter.cpp; sourceTree = "<group>"; };
		A5CC7CF89F2D4F7BB13A5FB4 /* Colors.h */ = {isa = PBXFileReference; lastKnownFileType = sourcecode.c.h; name = Colors.h; path = ../blocks/UI/src/Colors.h; sourceTree = "<group>"; };
		A64186014BA54A50A6F4D1A2 /* Responder.h */ = {isa = PBXFileReference; lastKnownFileType = sourcecode.c.h; name = Responder.h; path = ../blocks/UI/src/Responder.h; sourceTree = "<group>"; };
		A73EA2940A09432CA499822F /* Radio.cpp */ = {isa = PBXFileReference; lastKnownFileType = sourcecode.c.cpp; name = Radio.cpp; path = ../blocks/UI/src/Radio.cpp; sourceTree = "<group>"; };
		AB6BBA763E8D48C3BC391049 /* Graph.cpp */ = {isa = PBXFileReference; lastKnownFileType = sourcecode.c.cpp; name = Graph.cpp; path = ../blocks/UI/src/Graph.cpp; sourceTree = "<group>"; };
		AE89A13FEFEF4CD99743202D /* Button.cpp */ = {isa = PBXFileReference; lastKnownFileType = sourcecode.c.cpp; name = Button.cpp; path = ../blocks/UI/src/Button.cpp; sourceTree = "<group>"; };
		B0F53AC6E319459BBEA65569 /* WindowCanvas.h */ = {isa = PBXFileReference; lastKnownFileType = sourcecode.c.h; name = WindowCanvas.h; path = ../blocks/UI/src/WindowCanvas.h; sourceTree = "<group>"; };
		B33EC3CB20414E0A9CC6D11C /* GlslParams.cpp */ = {isa = PBXFileReference; lastKnownFileType = sourcecode.c.cpp; name = GlslParams.cpp; path = ../blocks/GlslParams/src/GlslParams.cpp; sourceTree = "<group>"; };
		B35500657CB74A0487F7BCB1 /* Slider.h */ = {isa = PBXFileReference; lastKnownFileType = sourcecode.c.h; name = Slider.h; path = ../blocks/UI/src/Slider.h; sourceTree = "<group>"; };
		B809FD68E20746FCA24CF8FD /* Canvas.cpp */ = {isa = PBXFileReference; lastKnownFileType = sourcecode.c.cpp; name = Canvas.cpp; path = ../blocks/UI/src/Canvas.cpp; sourceTree = "<group>"; };
		B918B2782F8441C999C800D7 /* View.cpp */ = {isa = PBXFileReference; lastKnownFileType = sourcecode.c.cpp; name = View.cpp; path = ../blocks/UI/src/View.cpp; sourceTree = "<group>"; };
		BA25EB40851B4A79AC722EA7 /* Controls.h */ = {isa = PBXFileReference; lastKnownFileType = sourcecode.c.h; name = Controls.h; path = ../blocks/UI/src/Controls.h; sourceTree = "<group>"; };
		BAA1DC9619084F71992F6709 /* ControlWithLabel.cpp */ = {isa = PBXFileReference; lastKnownFileType = sourcecode.c.cpp; name = ControlWithLabel.cpp; path = ../blocks/UI/src/ControlWithLabel.cpp; sourceTree = "<group>"; };
		BD6F4EFEAD86491698F1C471 /* QuaternionOrderer.h */ = {isa = PBXFileReference; lastKnownFileType = sourcecode.c.h; name = QuaternionOrderer.h; path = ../blocks/UI/src/QuaternionOrderer.h; sourceTree = "<group>"; };
		C847AD86C98B443685480A2A /* Fps.cpp */ = {isa = PBXFileReference; lastKnownFileType = sourcecode.c.cpp; name = Fps.cpp; path = ../blocks/UI/src/Fps.cpp; sourceTree = "<group>"; };
		D29F2305159D4DFF9E95CC58 /* Control.cpp */ = {isa = PBXFileReference; lastKnownFileType = sourcecode.c.cpp; name = Control.cpp; path = ../blocks/UI/src/Control.cpp; sourceTree = "<group>"; };
		D39C0E81983944D6A94DAE24 /* Toggle.h */ = {isa = PBXFileReference; lastKnownFileType = sourcecode.c.h; name = Toggle.h; path = ../blocks/UI/src/Toggle.h; sourceTree = "<group>"; };
		DBE0EB19068D4DA8BEC2D7E9 /* Info.plist */ = {isa = PBXFileReference; lastKnownFileType = text.plist.xml; path = Info.plist; sourceTree = "<group>"; };
		DE688D32FEF84892A3763B55 /* Graph.h */ = {isa = PBXFileReference; lastKnownFileType = sourcecode.c.h; name = Graph.h; path = ../blocks/UI/src/Graph.h; sourceTree = "<group>"; };
		E00AE79230584742B0FDBCC1 /* GlslParams.h */ = {isa = PBXFileReference; lastKnownFileType = sourcecode.c.h; name = GlslParams.h; path = ../blocks/GlslParams/src/GlslParams.h; sourceTree = "<group>"; };
		E32E851829C644598F7B0804 /* Range.cpp */ = {isa = PBXFileReference; lastKnownFileType = sourcecode.c.cpp; name = Range.cpp; path = ../blocks/UI/src/Range.cpp; sourceTree = "<group>"; };
		E39DE76C29EC47759EE61A5C /* Globals.cpp */ = {isa = PBXFileReference; lastKnownFileType = sourcecode.c.cpp; name = Globals.cpp; path = ../blocks/UI/src/Globals.cpp; sourceTree = "<group>"; };
		E4F96DBF4197417790DFA437 /* QuaternionOrderer.cpp */ = {isa = PBXFileReference; lastKnownFileType = sourcecode.c.cpp; name = QuaternionOrderer.cpp; path = ../blocks/UI/src/QuaternionOrderer.cpp; sourceTree = "<group>"; };
		E96A6D31488948B59C821DAF /* XYPad.h */ = {isa = PBXFileReference; lastKnownFileType = sourcecode.c.h; name = XYPad.h; path = ../blocks/UI/src/XYPad.h; sourceTree = "<group>"; };
		EBC7DE917F1046F2A5363F5E /* ColorPicker.h */ = {isa = PBXFileReference; lastKnownFileType = sourcecode.c.h; name = ColorPicker.h; path = ../blocks/UI/src/ColorPicker.h; sourceTree = "<group>"; };
		F3E38877F1ED40398858CD71 /* Waveform.h */ = {isa = PBXFileReference; lastKnownFileType = sourcecode.c.h; name = Waveform.h; path = ../blocks/UI/src/Waveform.h; sourceTree = "<group>"; };
		FBE2B74891EB4BCEBA3D1B2F /* UI.h */ = {isa = PBXFileReference; lastKnownFileType = sourcecode.c.h; name = UI.h; path = ../blocks/UI/src/UI.h; sourceTree = "<group>"; };
		FDCF6C7D2AC3442B81EA4B42 /* ControlWithLabel.h */ = {isa = PBXFileReference; lastKnownFileType = sourcecode.c.h; name = ControlWithLabel.h; path = ../blocks/UI/src/ControlWithLabel.h; sourceTree = "<group>"; };
		FDF9201CFC8246CAB0F4850E /* FontSizes.h */ = {isa = PBXFileReference; lastKnownFileType = sourcecode.c.h; name = FontSizes.h; path = ../blocks/UI/src/FontSizes.h; sourceTree = "<group>"; };
		FF1C315B459545548AC7B329 /* LiveAsset.h */ = {isa = PBXFileReference; lastKnownFileType = sourcecode.c.h; name = LiveAsset.h; path = ../blocks/LiveAsset/src/LiveAsset.h; sourceTree = "<group>"; };
		FFE5AE9EDA494F72AC14C00C /* Triggers.h */ = {isa = PBXFileReference; lastKnownFileType = sourcecode.c.h; name = Triggers.h; path = ../blocks/UI/src/Triggers.h; sourceTree = "<group>"; };
/* End PBXFileReference section */

/* Begin PBXFrameworksBuildPhase section */
		8D11072E0486CEB800E47090 /* Frameworks */ = {
			isa = PBXFrameworksBuildPhase;
			buildActionMask = 2147483647;
			files = (
				006D720419952D00008149E2 /* AVFoundation.framework in Frameworks */,
				006D720519952D00008149E2 /* CoreMedia.framework in Frameworks */,
				8D11072F0486CEB800E47090 /* Cocoa.framework in Frameworks */,
				0091D8F90E81B9330029341E /* OpenGL.framework in Frameworks */,
				5323E6B20EAFCA74003A9687 /* CoreVideo.framework in Frameworks */,
				00B784B30FF439BC000DE1D7 /* Accelerate.framework in Frameworks */,
				00B784B40FF439BC000DE1D7 /* AudioToolbox.framework in Frameworks */,
				00B784B50FF439BC000DE1D7 /* AudioUnit.framework in Frameworks */,
				00B784B60FF439BC000DE1D7 /* CoreAudio.framework in Frameworks */,
				00B9955A1B128DF400A5C623 /* IOKit.framework in Frameworks */,
				00B9955B1B128DF400A5C623 /* IOSurface.framework in Frameworks */,
			);
			runOnlyForDeploymentPostprocessing = 0;
		};
/* End PBXFrameworksBuildPhase section */

/* Begin PBXGroup section */
		00600B99009D44B397546E1D /* src */ = {
			isa = PBXGroup;
			children = (
				95F273102E434E0BA21B9668 /* Alignments.h */,
				8F24C7090175440EA7A6760A /* BSplineEditor.h */,
				4A71E13357AD4E4EA93B30DF /* Button.h */,
				71152F364DE041289D9A2042 /* Canvas.h */,
				EBC7DE917F1046F2A5363F5E /* ColorPicker.h */,
				A5CC7CF89F2D4F7BB13A5FB4 /* Colors.h */,
				3767C8660DE5427C9065872C /* Control.h */,
				BA25EB40851B4A79AC722EA7 /* Controls.h */,
				FDCF6C7D2AC3442B81EA4B42 /* ControlWithLabel.h */,
				9B203B23F4AA45718DF8A426 /* Dialer.h */,
				7DBD61E4FBC943F684CE46EC /* Directions.h */,
				861838489C2C4CCAAF094C6F /* Envelope.h */,
				FDF9201CFC8246CAB0F4850E /* FontSizes.h */,
				1E30B94ADB94479BB2EF2A41 /* Fps.h */,
				971843D8EB21493EB172C8A1 /* Globals.h */,
				DE688D32FEF84892A3763B55 /* Graph.h */,
				833B281129D6486F8CC3669F /* Helpers.h */,
				43C9936A59364AC4B2A19CBA /* Label.h */,
				450F953AE8274BFAB04DBF68 /* MultiSlider.h */,
				592ECD741FBA47F683EF561C /* Padding.h */,
				541E5FDD5F9A474C8494407E /* Plotter.h */,
				BD6F4EFEAD86491698F1C471 /* QuaternionOrderer.h */,
				29489F2A8BCB4E778CBA68ED /* Radio.h */,
				14C36798E35B409ABDF7B624 /* Range.h */,
				0D62AE05D716445E9C4E7D37 /* RenderData.h */,
				A64186014BA54A50A6F4D1A2 /* Responder.h */,
				B35500657CB74A0487F7BCB1 /* Slider.h */,
				1C3EDE24EBF14809935612B3 /* Spacer.h */,
				57AD5BCD77FF4E15A3BD4A86 /* Spectrum.h */,
				93A3BFCBDCEC437F93449A17 /* States.h */,
				9DAA191950F1427CAAD1D34D /* SuperCanvas.h */,
				4C56DD2EE447441FB6626ECE /* TextInput.h */,
				39C546EF6FDC488BB63107A9 /* TextureView.h */,
				D39C0E81983944D6A94DAE24 /* Toggle.h */,
				FFE5AE9EDA494F72AC14C00C /* Triggers.h */,
				FBE2B74891EB4BCEBA3D1B2F /* UI.h */,
				4683D79707624C8D8197FAF7 /* View.h */,
				F3E38877F1ED40398858CD71 /* Waveform.h */,
				B0F53AC6E319459BBEA65569 /* WindowCanvas.h */,
				E96A6D31488948B59C821DAF /* XYPad.h */,
				23B1435B4D0E40C38E654C0C /* BSplineEditor.cpp */,
				AE89A13FEFEF4CD99743202D /* Button.cpp */,
				B809FD68E20746FCA24CF8FD /* Canvas.cpp */,
				4344A684A20740EF86FD29F8 /* ColorPicker.cpp */,
				3035FA99B08543C887E7AAA4 /* Colors.cpp */,
				D29F2305159D4DFF9E95CC58 /* Control.cpp */,
				BAA1DC9619084F71992F6709 /* ControlWithLabel.cpp */,
				85AF3AAC8E284E94A28F7499 /* Dialer.cpp */,
				5DC92CE472E44F5FBD63D41A /* Envelope.cpp */,
				C847AD86C98B443685480A2A /* Fps.cpp */,
				E39DE76C29EC47759EE61A5C /* Globals.cpp */,
				AB6BBA763E8D48C3BC391049 /* Graph.cpp */,
				781064FE80C54974AD11E92E /* Label.cpp */,
				86AF0F9CBDD9418BBE524B34 /* MultiSlider.cpp */,
				A0AB1414341D4E33B5F99D53 /* Plotter.cpp */,
				E4F96DBF4197417790DFA437 /* QuaternionOrderer.cpp */,
				A73EA2940A09432CA499822F /* Radio.cpp */,
				E32E851829C644598F7B0804 /* Range.cpp */,
				08B2AC29808E47C987E68297 /* Responder.cpp */,
				91A9BD6ACCED41D6ACFE0D73 /* Slider.cpp */,
				8D659EA887184C04B87620A7 /* Spacer.cpp */,
				050FFF0B09834D6FB89E5C65 /* Spectrum.cpp */,
				3AE494D1E7304E20A696D514 /* SuperCanvas.cpp */,
				77763FA1A6C540E7BC32B338 /* TextInput.cpp */,
				92C4E7A09E054B01AA0D6A46 /* TextureView.cpp */,
				87555916BB684BC9BF67C19C /* Toggle.cpp */,
				B918B2782F8441C999C800D7 /* View.cpp */,
				6E04E20EFAE842CFB3996128 /* Waveform.cpp */,
				5706A00FFCAD4B7B817049A2 /* WindowCanvas.cpp */,
				71BB061C31944E04B9FA5272 /* XYPad.cpp */,
			);
			name = src;
			sourceTree = "<group>";
		};
		01B97315FEAEA392516A2CEA /* Blocks */ = {
			isa = PBXGroup;
			children = (
				7ED2C94C72F047038B71AA32 /* GlslParams */,
				B5852133FBFB4555B7824115 /* LiveAsset */,
				091CC35225324A77BAEA101E /* Paths */,
				8D56009ED63B4892B9826474 /* Tiler */,
				0B473CD272E14B29B5D50911 /* UI */,
			);
			name = Blocks;
			sourceTree = "<group>";
		};
		080E96DDFE201D6D7F000001 /* Source */ = {
			isa = PBXGroup;
			children = (
				61C6FE4A0EBA44DEAFC8FAC0 /* FragmentApp.cpp */,
			);
			name = Source;
			sourceTree = "<group>";
		};
		091CC35225324A77BAEA101E /* Paths */ = {
			isa = PBXGroup;
			children = (
				1ED27CD8E96C46348320A9EB /* src */,
			);
			name = Paths;
			sourceTree = "<group>";
		};
		0B473CD272E14B29B5D50911 /* UI */ = {
			isa = PBXGroup;
			children = (
				00600B99009D44B397546E1D /* src */,
			);
			name = UI;
			sourceTree = "<group>";
		};
		1058C7A0FEA54F0111CA2CBB /* Linked Frameworks */ = {
			isa = PBXGroup;
			children = (
				006D720219952D00008149E2 /* AVFoundation.framework */,
				006D720319952D00008149E2 /* CoreMedia.framework */,
				00B784AF0FF439BC000DE1D7 /* Accelerate.framework */,
				00B784B00FF439BC000DE1D7 /* AudioToolbox.framework */,
				00B784B10FF439BC000DE1D7 /* AudioUnit.framework */,
				00B784B20FF439BC000DE1D7 /* CoreAudio.framework */,
				5323E6B10EAFCA74003A9687 /* CoreVideo.framework */,
				0091D8F80E81B9330029341E /* OpenGL.framework */,
				1058C7A1FEA54F0111CA2CBB /* Cocoa.framework */,
				00B995581B128DF400A5C623 /* IOKit.framework */,
				00B995591B128DF400A5C623 /* IOSurface.framework */,
			);
			name = "Linked Frameworks";
			sourceTree = "<group>";
		};
		1058C7A2FEA54F0111CA2CBB /* Other Frameworks */ = {
			isa = PBXGroup;
			children = (
				29B97324FDCFA39411CA2CEA /* AppKit.framework */,
				29B97325FDCFA39411CA2CEA /* Foundation.framework */,
			);
			name = "Other Frameworks";
			sourceTree = "<group>";
		};
		19C28FACFE9D520D11CA2CBB /* Products */ = {
			isa = PBXGroup;
			children = (
				8D1107320486CEB800E47090 /* Fragment.app */,
			);
			name = Products;
			sourceTree = "<group>";
		};
		1ED27CD8E96C46348320A9EB /* src */ = {
			isa = PBXGroup;
			children = (
				8C362FD4CB5E472BBFA58FA4 /* Paths.h */,
				277B83795C9448C98C7128DA /* Paths.cpp */,
			);
			name = src;
			sourceTree = "<group>";
		};
		2455D9D24B164B9A8A5B4635 /* src */ = {
			isa = PBXGroup;
			children = (
				175CE0F72C1D45748AB34F45 /* Tiler.h */,
				2C80895498E648B6B5C73416 /* Tiler.cpp */,
			);
			name = src;
			sourceTree = "<group>";
		};
		29B97314FDCFA39411CA2CEA /* ShaderToy */ = {
			isa = PBXGroup;
			children = (
				01B97315FEAEA392516A2CEA /* Blocks */,
				29B97315FDCFA39411CA2CEA /* Headers */,
				080E96DDFE201D6D7F000001 /* Source */,
				29B97317FDCFA39411CA2CEA /* Resources */,
				29B97323FDCFA39411CA2CEA /* Frameworks */,
				19C28FACFE9D520D11CA2CBB /* Products */,
			);
			name = ShaderToy;
			sourceTree = "<group>";
		};
		29B97315FDCFA39411CA2CEA /* Headers */ = {
			isa = PBXGroup;
			children = (
				8835D0D823174F758A171200 /* Resources.h */,
				5D92CD5CFE5447B09A864E84 /* Fragment_Prefix.pch */,
			);
			name = Headers;
			sourceTree = "<group>";
		};
		29B97317FDCFA39411CA2CEA /* Resources */ = {
			isa = PBXGroup;
			children = (
				9E5BF2EF1C11E1900087018D /* palettes.png */,
				9E74FB821C080ACB00C5595D /* Fragment.icns */,
				724C4D4BAAEB4EC7B870F945 /* CinderApp.icns */,
				DBE0EB19068D4DA8BEC2D7E9 /* Info.plist */,
			);
			name = Resources;
			sourceTree = "<group>";
		};
		29B97323FDCFA39411CA2CEA /* Frameworks */ = {
			isa = PBXGroup;
			children = (
				1058C7A0FEA54F0111CA2CBB /* Linked Frameworks */,
				1058C7A2FEA54F0111CA2CBB /* Other Frameworks */,
			);
			name = Frameworks;
			sourceTree = "<group>";
		};
		4ACB467DF1A1453C97DFBF78 /* src */ = {
			isa = PBXGroup;
			children = (
				E00AE79230584742B0FDBCC1 /* GlslParams.h */,
				B33EC3CB20414E0A9CC6D11C /* GlslParams.cpp */,
			);
			name = src;
			sourceTree = "<group>";
		};
		7ED2C94C72F047038B71AA32 /* GlslParams */ = {
			isa = PBXGroup;
			children = (
				4ACB467DF1A1453C97DFBF78 /* src */,
			);
			name = GlslParams;
			sourceTree = "<group>";
		};
		8D56009ED63B4892B9826474 /* Tiler */ = {
			isa = PBXGroup;
			children = (
				2455D9D24B164B9A8A5B4635 /* src */,
			);
			name = Tiler;
			sourceTree = "<group>";
		};
		B5852133FBFB4555B7824115 /* LiveAsset */ = {
			isa = PBXGroup;
			children = (
				F4885EDDE0DF4716854F2925 /* src */,
			);
			name = LiveAsset;
			sourceTree = "<group>";
		};
		F4885EDDE0DF4716854F2925 /* src */ = {
			isa = PBXGroup;
			children = (
				FF1C315B459545548AC7B329 /* LiveAsset.h */,
				7D02B531A9BD4DC4A56FBB93 /* LiveAsset.cpp */,
			);
			name = src;
			sourceTree = "<group>";
		};
/* End PBXGroup section */

/* Begin PBXNativeTarget section */
		8D1107260486CEB800E47090 /* Fragment */ = {
			isa = PBXNativeTarget;
			buildConfigurationList = C01FCF4A08A954540054247B /* Build configuration list for PBXNativeTarget "Fragment" */;
			buildPhases = (
				8D1107290486CEB800E47090 /* Resources */,
				8D11072C0486CEB800E47090 /* Sources */,
				8D11072E0486CEB800E47090 /* Frameworks */,
			);
			buildRules = (
			);
			dependencies = (
			);
			name = Fragment;
			productInstallPath = "$(HOME)/Applications";
			productName = ShaderToy;
			productReference = 8D1107320486CEB800E47090 /* Fragment.app */;
			productType = "com.apple.product-type.application";
		};
/* End PBXNativeTarget section */

/* Begin PBXProject section */
		29B97313FDCFA39411CA2CEA /* Project object */ = {
			isa = PBXProject;
			attributes = {
				TargetAttributes = {
					8D1107260486CEB800E47090 = {
						DevelopmentTeam = CC7PU3PUHS;
					};
				};
			};
			buildConfigurationList = C01FCF4E08A954540054247B /* Build configuration list for PBXProject "Fragment" */;
			compatibilityVersion = "Xcode 3.2";
			developmentRegion = English;
			hasScannedForEncodings = 1;
			knownRegions = (
				English,
				Japanese,
				French,
				German,
			);
			mainGroup = 29B97314FDCFA39411CA2CEA /* ShaderToy */;
			projectDirPath = "";
			projectRoot = "";
			targets = (
				8D1107260486CEB800E47090 /* Fragment */,
			);
		};
/* End PBXProject section */

/* Begin PBXResourcesBuildPhase section */
		8D1107290486CEB800E47090 /* Resources */ = {
			isa = PBXResourcesBuildPhase;
			buildActionMask = 2147483647;
			files = (
				9E5BF2F01C11E1900087018D /* palettes.png in Resources */,
				9E74FB831C080ACB00C5595D /* Fragment.icns in Resources */,
			);
			runOnlyForDeploymentPostprocessing = 0;
		};
/* End PBXResourcesBuildPhase section */

/* Begin PBXSourcesBuildPhase section */
		8D11072C0486CEB800E47090 /* Sources */ = {
			isa = PBXSourcesBuildPhase;
			buildActionMask = 2147483647;
			files = (
				ABC23B1A58FA49D9AF067E33 /* FragmentApp.cpp in Sources */,
				76289AED6D4D42FD957E5CB2 /* GlslParams.cpp in Sources */,
				70FF3305F8B94391BBFA112A /* LiveAsset.cpp in Sources */,
				3A6318A74D3044C581E618EE /* Paths.cpp in Sources */,
				A6C14C63E22E479B9BFE7C14 /* Tiler.cpp in Sources */,
				C0B91C4346294C1E8DC61D37 /* BSplineEditor.cpp in Sources */,
				B123562109A74F578EA6D330 /* Button.cpp in Sources */,
				07CC7DD61DB64024AAC3FEA6 /* Canvas.cpp in Sources */,
				299F80E0B4B74416AC3E3E64 /* ColorPicker.cpp in Sources */,
				67E55AC6207C446C8A91EEB1 /* Colors.cpp in Sources */,
				C2D66DCFDAF14CDA8BB16D91 /* Control.cpp in Sources */,
				25727D80D6514308AB05D10D /* ControlWithLabel.cpp in Sources */,
				6F6E079E43E4415A834ECEC3 /* Dialer.cpp in Sources */,
				987E7E9BBBD145B28A4C34AA /* Envelope.cpp in Sources */,
				CB57655D9AC64BFC83B2D874 /* Fps.cpp in Sources */,
				823C8B52D6F04B8393BAB3B1 /* Globals.cpp in Sources */,
				88922F8A1C424BE994F0DDE3 /* Graph.cpp in Sources */,
				F05AB463ACF547FB8E20B904 /* Label.cpp in Sources */,
				BDBE5E4D3D9B46468F81872D /* MultiSlider.cpp in Sources */,
				D21CB267116B413BBB719026 /* Plotter.cpp in Sources */,
				0A26199001E847679C5FDEFE /* QuaternionOrderer.cpp in Sources */,
				D866BBD774F94A0289E1602A /* Radio.cpp in Sources */,
				50DF3C1503E14432A5677BFC /* Range.cpp in Sources */,
				64430CEE94714FC19C46CDDB /* Responder.cpp in Sources */,
				8466FE9CD12A41D88088E7F3 /* Slider.cpp in Sources */,
				873D1EA98F954BD7BB6A1A60 /* Spacer.cpp in Sources */,
				8902C626E68E483CB1918ADD /* Spectrum.cpp in Sources */,
				2DCC4B275A5346B7B394C3D1 /* SuperCanvas.cpp in Sources */,
				B6AA128848734EA9970ACB67 /* TextInput.cpp in Sources */,
				A452FEEB730C44708D5E33DE /* TextureView.cpp in Sources */,
				355AB5D1B24E4BB4A3BCA7B4 /* Toggle.cpp in Sources */,
				8081740FAACA4071B98787E2 /* View.cpp in Sources */,
				C4931FE6BBF740C0903375A8 /* Waveform.cpp in Sources */,
				0A8E36266C274CF3B24A073B /* WindowCanvas.cpp in Sources */,
				20E45AF7037C4BA795BC1BC0 /* XYPad.cpp in Sources */,
			);
			runOnlyForDeploymentPostprocessing = 0;
		};
/* End PBXSourcesBuildPhase section */

/* Begin XCBuildConfiguration section */
		C01FCF4B08A954540054247B /* Debug */ = {
			isa = XCBuildConfiguration;
			buildSettings = {
				CODE_SIGN_IDENTITY = "Mac Developer";
				"CODE_SIGN_IDENTITY[sdk=macosx*]" = "Mac Developer";
				COMBINE_HIDPI_IMAGES = YES;
				COPY_PHASE_STRIP = NO;
				DEAD_CODE_STRIPPING = YES;
				GCC_DYNAMIC_NO_PIC = NO;
				GCC_INLINES_ARE_PRIVATE_EXTERN = YES;
				GCC_OPTIMIZATION_LEVEL = 0;
				GCC_PRECOMPILE_PREFIX_HEADER = YES;
				GCC_PREFIX_HEADER = Fragment_Prefix.pch;
				GCC_PREPROCESSOR_DEFINITIONS = (
					"DEBUG=1",
					"$(inherited)",
				);
				GCC_SYMBOLS_PRIVATE_EXTERN = NO;
				INFOPLIST_FILE = Info.plist;
				INSTALL_PATH = "$(HOME)/Applications";
				OTHER_LDFLAGS = "\"$(CINDER_PATH)/lib/libcinder_d.a\"";
				PRODUCT_BUNDLE_IDENTIFIER = org.reza.Fragment;
				PRODUCT_NAME = Fragment;
				PROVISIONING_PROFILE = "";
				SYMROOT = ./build;
				WRAPPER_EXTENSION = app;
			};
			name = Debug;
		};
		C01FCF4C08A954540054247B /* Release */ = {
			isa = XCBuildConfiguration;
			buildSettings = {
				CODE_SIGN_IDENTITY = "Mac Developer";
				"CODE_SIGN_IDENTITY[sdk=macosx*]" = "Mac Developer";
				COMBINE_HIDPI_IMAGES = YES;
				DEAD_CODE_STRIPPING = YES;
				DEBUG_INFORMATION_FORMAT = "dwarf-with-dsym";
				GCC_FAST_MATH = YES;
				GCC_GENERATE_DEBUGGING_SYMBOLS = NO;
				GCC_INLINES_ARE_PRIVATE_EXTERN = YES;
				GCC_OPTIMIZATION_LEVEL = 3;
				GCC_PRECOMPILE_PREFIX_HEADER = YES;
				GCC_PREFIX_HEADER = Fragment_Prefix.pch;
				GCC_PREPROCESSOR_DEFINITIONS = (
					"NDEBUG=1",
					"$(inherited)",
				);
				GCC_SYMBOLS_PRIVATE_EXTERN = NO;
				INFOPLIST_FILE = Info.plist;
				INSTALL_PATH = "$(HOME)/Applications";
				OTHER_LDFLAGS = "\"$(CINDER_PATH)/lib/libcinder.a\"";
				PRODUCT_BUNDLE_IDENTIFIER = org.reza.Fragment;
				PRODUCT_NAME = Fragment;
				PROVISIONING_PROFILE = "";
				STRIP_INSTALLED_PRODUCT = YES;
				SYMROOT = ./build;
				WRAPPER_EXTENSION = app;
			};
			name = Release;
		};
		C01FCF4F08A954540054247B /* Debug */ = {
			isa = XCBuildConfiguration;
			buildSettings = {
				ALWAYS_SEARCH_USER_PATHS = NO;
				CINDER_PATH = ../../../..;
				CLANG_CXX_LANGUAGE_STANDARD = "c++11";
				CLANG_CXX_LIBRARY = "libc++";
				ENABLE_TESTABILITY = YES;
				GCC_WARN_ABOUT_RETURN_TYPE = YES;
				GCC_WARN_UNUSED_VARIABLE = YES;
				HEADER_SEARCH_PATHS = "\"$(CINDER_PATH)/include\"";
				MACOSX_DEPLOYMENT_TARGET = 10.8;
				ONLY_ACTIVE_ARCH = YES;
				SDKROOT = macosx;
				USER_HEADER_SEARCH_PATHS = "\"$(CINDER_PATH)/include\" ../include";
			};
			name = Debug;
		};
		C01FCF5008A954540054247B /* Release */ = {
			isa = XCBuildConfiguration;
			buildSettings = {
				ALWAYS_SEARCH_USER_PATHS = NO;
				CINDER_PATH = ../../../..;
				CLANG_CXX_LANGUAGE_STANDARD = "c++11";
				CLANG_CXX_LIBRARY = "libc++";
				GCC_WARN_ABOUT_RETURN_TYPE = YES;
				GCC_WARN_UNUSED_VARIABLE = YES;
				HEADER_SEARCH_PATHS = "\"$(CINDER_PATH)/include\"";
				MACOSX_DEPLOYMENT_TARGET = 10.8;
				SDKROOT = macosx;
				USER_HEADER_SEARCH_PATHS = "\"$(CINDER_PATH)/include\" ../include";
			};
			name = Release;
		};
/* End XCBuildConfiguration section */

/* Begin XCConfigurationList section */
		C01FCF4A08A954540054247B /* Build configuration list for PBXNativeTarget "Fragment" */ = {
			isa = XCConfigurationList;
			buildConfigurations = (
				C01FCF4B08A954540054247B /* Debug */,
				C01FCF4C08A954540054247B /* Release */,
			);
			defaultConfigurationIsVisible = 0;
			defaultConfigurationName = Release;
		};
		C01FCF4E08A954540054247B /* Build configuration list for PBXProject "Fragment" */ = {
			isa = XCConfigurationList;
			buildConfigurations = (
				C01FCF4F08A954540054247B /* Debug */,
				C01FCF5008A954540054247B /* Release */,
			);
			defaultConfigurationIsVisible = 0;
			defaultConfigurationName = Release;
		};
/* End XCConfigurationList section */
	};
	rootObject = 29B97313FDCFA39411CA2CEA /* Project object */;
}
